// !$*UTF8*$!
{
	archiveVersion = 1;
	classes = {
	};
	objectVersion = 46;
	objects = {

/* Begin PBXBuildFile section */
		180ACC9417240C43003DC8BF /* Icon-72.png in Resources */ = {isa = PBXBuildFile; fileRef = 180ACC8C17240C43003DC8BF /* Icon-72.png */; };
		180ACC9517240C43003DC8BF /* Icon-72@2x.png in Resources */ = {isa = PBXBuildFile; fileRef = 180ACC8D17240C43003DC8BF /* Icon-72@2x.png */; };
		180ACC9617240C43003DC8BF /* Icon-Small-50.png in Resources */ = {isa = PBXBuildFile; fileRef = 180ACC8E17240C43003DC8BF /* Icon-Small-50.png */; };
		180ACC9717240C43003DC8BF /* Icon-Small.png in Resources */ = {isa = PBXBuildFile; fileRef = 180ACC8F17240C43003DC8BF /* Icon-Small.png */; };
		180ACC9817240C43003DC8BF /* Icon.png in Resources */ = {isa = PBXBuildFile; fileRef = 180ACC9017240C43003DC8BF /* Icon.png */; };
		180ACC9917240C43003DC8BF /* Icon@2x.png in Resources */ = {isa = PBXBuildFile; fileRef = 180ACC9117240C43003DC8BF /* Icon@2x.png */; };
		180ACC9A17240C43003DC8BF /* Icon512.png in Resources */ = {isa = PBXBuildFile; fileRef = 180ACC9217240C43003DC8BF /* Icon512.png */; };
		180ACC9B17240C43003DC8BF /* Ion-Small@2x.png in Resources */ = {isa = PBXBuildFile; fileRef = 180ACC9317240C43003DC8BF /* Ion-Small@2x.png */; };
		180ECFE017237CCF006276DF /* UIKit.framework in Frameworks */ = {isa = PBXBuildFile; fileRef = 180ECFDF17237CCF006276DF /* UIKit.framework */; };
		180ECFE217237CCF006276DF /* Foundation.framework in Frameworks */ = {isa = PBXBuildFile; fileRef = 180ECFE117237CCF006276DF /* Foundation.framework */; };
		180ECFE417237CCF006276DF /* CoreGraphics.framework in Frameworks */ = {isa = PBXBuildFile; fileRef = 180ECFE317237CCF006276DF /* CoreGraphics.framework */; };
		180ECFE617237CCF006276DF /* CoreData.framework in Frameworks */ = {isa = PBXBuildFile; fileRef = 180ECFE517237CCF006276DF /* CoreData.framework */; };
		180ECFEC17237CCF006276DF /* InfoPlist.strings in Resources */ = {isa = PBXBuildFile; fileRef = 180ECFEA17237CCF006276DF /* InfoPlist.strings */; };
		180ECFEE17237CCF006276DF /* main.m in Sources */ = {isa = PBXBuildFile; fileRef = 180ECFED17237CCF006276DF /* main.m */; };
		180ECFF217237CCF006276DF /* AppDelegate.m in Sources */ = {isa = PBXBuildFile; fileRef = 180ECFF117237CCF006276DF /* AppDelegate.m */; };
		180ECFFB17237CCF006276DF /* MySecNote.xcdatamodeld in Sources */ = {isa = PBXBuildFile; fileRef = 180ECFF917237CCF006276DF /* MySecNote.xcdatamodeld */; };
		180ECFFE17237CCF006276DF /* MasterViewController.m in Sources */ = {isa = PBXBuildFile; fileRef = 180ECFFD17237CCF006276DF /* MasterViewController.m */; };
		180ED00117237CCF006276DF /* DetailViewController.m in Sources */ = {isa = PBXBuildFile; fileRef = 180ED00017237CCF006276DF /* DetailViewController.m */; };
		180ED00417237CCF006276DF /* MasterViewController_iPhone.xib in Resources */ = {isa = PBXBuildFile; fileRef = 180ED00217237CCF006276DF /* MasterViewController_iPhone.xib */; };
		180ED00717237CCF006276DF /* MasterViewController_iPad.xib in Resources */ = {isa = PBXBuildFile; fileRef = 180ED00517237CCF006276DF /* MasterViewController_iPad.xib */; };
		180ED00D17237CCF006276DF /* DetailViewController_iPad.xib in Resources */ = {isa = PBXBuildFile; fileRef = 180ED00B17237CCF006276DF /* DetailViewController_iPad.xib */; };
		180ED02317237DFD006276DF /* AppSetting.m in Sources */ = {isa = PBXBuildFile; fileRef = 180ED02217237DFD006276DF /* AppSetting.m */; };
		180ED0251723B64C006276DF /* AudioToolbox.framework in Frameworks */ = {isa = PBXBuildFile; fileRef = 180ED0241723B64C006276DF /* AudioToolbox.framework */; };
		182801D717506C060093F416 /* SchemeViewController.m in Sources */ = {isa = PBXBuildFile; fileRef = 182801D617506C060093F416 /* SchemeViewController.m */; };
		182801DB1751CD5A0093F416 /* SchemeManager.m in Sources */ = {isa = PBXBuildFile; fileRef = 182801DA1751CD5A0093F416 /* SchemeManager.m */; };
		182802151751D7E70093F416 /* StoreKit.framework in Frameworks */ = {isa = PBXBuildFile; fileRef = 182802141751D7E70093F416 /* StoreKit.framework */; };
		182C5758174FA65800214883 /* SettingViewController.m in Sources */ = {isa = PBXBuildFile; fileRef = 182C5757174FA65800214883 /* SettingViewController.m */; };
		182C575C174FAC7A00214883 /* QBFlatButton.m in Sources */ = {isa = PBXBuildFile; fileRef = 182C575B174FAC7A00214883 /* QBFlatButton.m */; };
		182C579E174FC70100214883 /* MessageUI.framework in Frameworks */ = {isa = PBXBuildFile; fileRef = 182C579D174FC70100214883 /* MessageUI.framework */; };
		182F81DC174A51E0006E2E36 /* QuartzCore.framework in Frameworks */ = {isa = PBXBuildFile; fileRef = 182F81DB174A51E0006E2E36 /* QuartzCore.framework */; };
		182F81E5174A707E006E2E36 /* Default@2x.png in Resources */ = {isa = PBXBuildFile; fileRef = 182F81E4174A707E006E2E36 /* Default@2x.png */; };
		182F81E8174A7142006E2E36 /* Default.png in Resources */ = {isa = PBXBuildFile; fileRef = 182F81E6174A7142006E2E36 /* Default.png */; };
		182F81E9174A7142006E2E36 /* Default-568h@2x.png in Resources */ = {isa = PBXBuildFile; fileRef = 182F81E7174A7142006E2E36 /* Default-568h@2x.png */; };
		18441FA417488670004B6EC0 /* MasterViewController_iPhone568.xib in Resources */ = {isa = PBXBuildFile; fileRef = 18441FA217488670004B6EC0 /* MasterViewController_iPhone568.xib */; };
		18C54AAF1748C6A5008BF33D /* CFNetwork.framework in Frameworks */ = {isa = PBXBuildFile; fileRef = 18C54AAE1748C6A5008BF33D /* CFNetwork.framework */; };
		18C54AB11748C722008BF33D /* SystemConfiguration.framework in Frameworks */ = {isa = PBXBuildFile; fileRef = 18C54AB01748C722008BF33D /* SystemConfiguration.framework */; };
		18CBF6D7174BA69800BB6010 /* libFlurry.a in Frameworks */ = {isa = PBXBuildFile; fileRef = 18CBF6D4174BA69800BB6010 /* libFlurry.a */; };
		18CBF6D8174BA69800BB6010 /* UIColor+Colours.m in Sources */ = {isa = PBXBuildFile; fileRef = 18CBF6D6174BA69800BB6010 /* UIColor+Colours.m */; };
		18CBF6E3174BA6AA00BB6010 /* GCPINViewController.m in Sources */ = {isa = PBXBuildFile; fileRef = 18CBF6DB174BA6AA00BB6010 /* GCPINViewController.m */; settings = {COMPILER_FLAGS = "-fno-objc-arc"; }; };
		18CBF6E5174BA6AA00BB6010 /* GCPINViewController~ipad.xib in Resources */ = {isa = PBXBuildFile; fileRef = 18CBF6DD174BA6AA00BB6010 /* GCPINViewController~ipad.xib */; };
		18CBF6E7174BA6AA00BB6010 /* GradientView.m in Sources */ = {isa = PBXBuildFile; fileRef = 18CBF6E0174BA6AA00BB6010 /* GradientView.m */; };
		18CBF6E8174BA6AA00BB6010 /* PINBox.png in Resources */ = {isa = PBXBuildFile; fileRef = 18CBF6E1174BA6AA00BB6010 /* PINBox.png */; };
		18CBF6E9174BA6AA00BB6010 /* PINBox@2x.png in Resources */ = {isa = PBXBuildFile; fileRef = 18CBF6E2174BA6AA00BB6010 /* PINBox@2x.png */; };
		18CBF6EC174BA75400BB6010 /* NoteView.m in Sources */ = {isa = PBXBuildFile; fileRef = 18CBF6EB174BA75400BB6010 /* NoteView.m */; };
		18CBF6F6174BB3DE00BB6010 /* GCPINViewController568h.xib in Resources */ = {isa = PBXBuildFile; fileRef = 18CBF6F5174BB3DE00BB6010 /* GCPINViewController568h.xib */; };
		18F517321751E07C0061B0A6 /* GCPINViewController.xib in Resources */ = {isa = PBXBuildFile; fileRef = 18F517311751E07C0061B0A6 /* GCPINViewController.xib */; };
		18F517361751E4C50061B0A6 /* GCPlaceholderTextView.m in Sources */ = {isa = PBXBuildFile; fileRef = 18F517351751E4C50061B0A6 /* GCPlaceholderTextView.m */; settings = {COMPILER_FLAGS = "-fno-objc-arc"; }; };
		43DF02D639EC49A58769CA8B /* libPods.a in Frameworks */ = {isa = PBXBuildFile; fileRef = 4724248045A24E3AA671C40E /* libPods.a */; };
/* End PBXBuildFile section */

/* Begin PBXFileReference section */
		180ACC8C17240C43003DC8BF /* Icon-72.png */ = {isa = PBXFileReference; lastKnownFileType = image.png; path = "Icon-72.png"; sourceTree = "<group>"; };
		180ACC8D17240C43003DC8BF /* Icon-72@2x.png */ = {isa = PBXFileReference; lastKnownFileType = image.png; path = "Icon-72@2x.png"; sourceTree = "<group>"; };
		180ACC8E17240C43003DC8BF /* Icon-Small-50.png */ = {isa = PBXFileReference; lastKnownFileType = image.png; path = "Icon-Small-50.png"; sourceTree = "<group>"; };
		180ACC8F17240C43003DC8BF /* Icon-Small.png */ = {isa = PBXFileReference; lastKnownFileType = image.png; path = "Icon-Small.png"; sourceTree = "<group>"; };
		180ACC9017240C43003DC8BF /* Icon.png */ = {isa = PBXFileReference; lastKnownFileType = image.png; path = Icon.png; sourceTree = "<group>"; };
		180ACC9117240C43003DC8BF /* Icon@2x.png */ = {isa = PBXFileReference; lastKnownFileType = image.png; path = "Icon@2x.png"; sourceTree = "<group>"; };
		180ACC9217240C43003DC8BF /* Icon512.png */ = {isa = PBXFileReference; lastKnownFileType = image.png; path = Icon512.png; sourceTree = "<group>"; };
		180ACC9317240C43003DC8BF /* Ion-Small@2x.png */ = {isa = PBXFileReference; lastKnownFileType = image.png; path = "Ion-Small@2x.png"; sourceTree = "<group>"; };
		180ECFDB17237CCF006276DF /* Passwords.app */ = {isa = PBXFileReference; explicitFileType = wrapper.application; includeInIndex = 0; path = Passwords.app; sourceTree = BUILT_PRODUCTS_DIR; };
		180ECFDF17237CCF006276DF /* UIKit.framework */ = {isa = PBXFileReference; lastKnownFileType = wrapper.framework; name = UIKit.framework; path = System/Library/Frameworks/UIKit.framework; sourceTree = SDKROOT; };
		180ECFE117237CCF006276DF /* Foundation.framework */ = {isa = PBXFileReference; lastKnownFileType = wrapper.framework; name = Foundation.framework; path = System/Library/Frameworks/Foundation.framework; sourceTree = SDKROOT; };
		180ECFE317237CCF006276DF /* CoreGraphics.framework */ = {isa = PBXFileReference; lastKnownFileType = wrapper.framework; name = CoreGraphics.framework; path = System/Library/Frameworks/CoreGraphics.framework; sourceTree = SDKROOT; };
		180ECFE517237CCF006276DF /* CoreData.framework */ = {isa = PBXFileReference; lastKnownFileType = wrapper.framework; name = CoreData.framework; path = System/Library/Frameworks/CoreData.framework; sourceTree = SDKROOT; };
		180ECFE917237CCF006276DF /* MySecNote-Info.plist */ = {isa = PBXFileReference; lastKnownFileType = text.plist.xml; path = "MySecNote-Info.plist"; sourceTree = "<group>"; };
		180ECFEB17237CCF006276DF /* en */ = {isa = PBXFileReference; lastKnownFileType = text.plist.strings; name = en; path = en.lproj/InfoPlist.strings; sourceTree = "<group>"; };
		180ECFED17237CCF006276DF /* main.m */ = {isa = PBXFileReference; lastKnownFileType = sourcecode.c.objc; path = main.m; sourceTree = "<group>"; };
		180ECFEF17237CCF006276DF /* MySecNote-Prefix.pch */ = {isa = PBXFileReference; lastKnownFileType = sourcecode.c.h; path = "MySecNote-Prefix.pch"; sourceTree = "<group>"; };
		180ECFF017237CCF006276DF /* AppDelegate.h */ = {isa = PBXFileReference; lastKnownFileType = sourcecode.c.h; path = AppDelegate.h; sourceTree = "<group>"; };
		180ECFF117237CCF006276DF /* AppDelegate.m */ = {isa = PBXFileReference; lastKnownFileType = sourcecode.c.objc; path = AppDelegate.m; sourceTree = "<group>"; };
		180ECFFA17237CCF006276DF /* MySecNote.xcdatamodel */ = {isa = PBXFileReference; lastKnownFileType = wrapper.xcdatamodel; path = MySecNote.xcdatamodel; sourceTree = "<group>"; };
		180ECFFC17237CCF006276DF /* MasterViewController.h */ = {isa = PBXFileReference; lastKnownFileType = sourcecode.c.h; path = MasterViewController.h; sourceTree = "<group>"; };
		180ECFFD17237CCF006276DF /* MasterViewController.m */ = {isa = PBXFileReference; lastKnownFileType = sourcecode.c.objc; path = MasterViewController.m; sourceTree = "<group>"; };
		180ECFFF17237CCF006276DF /* DetailViewController.h */ = {isa = PBXFileReference; lastKnownFileType = sourcecode.c.h; path = DetailViewController.h; sourceTree = "<group>"; };
		180ED00017237CCF006276DF /* DetailViewController.m */ = {isa = PBXFileReference; lastKnownFileType = sourcecode.c.objc; path = DetailViewController.m; sourceTree = "<group>"; };
		180ED00317237CCF006276DF /* en */ = {isa = PBXFileReference; lastKnownFileType = file.xib; name = en; path = en.lproj/MasterViewController_iPhone.xib; sourceTree = "<group>"; };
		180ED00617237CCF006276DF /* en */ = {isa = PBXFileReference; lastKnownFileType = file.xib; name = en; path = en.lproj/MasterViewController_iPad.xib; sourceTree = "<group>"; };
		180ED00C17237CCF006276DF /* en */ = {isa = PBXFileReference; lastKnownFileType = file.xib; name = en; path = en.lproj/DetailViewController_iPad.xib; sourceTree = "<group>"; };
		180ED02117237DFC006276DF /* AppSetting.h */ = {isa = PBXFileReference; fileEncoding = 4; lastKnownFileType = sourcecode.c.h; path = AppSetting.h; sourceTree = "<group>"; };
		180ED02217237DFD006276DF /* AppSetting.m */ = {isa = PBXFileReference; fileEncoding = 4; lastKnownFileType = sourcecode.c.objc; path = AppSetting.m; sourceTree = "<group>"; };
		180ED0241723B64C006276DF /* AudioToolbox.framework */ = {isa = PBXFileReference; lastKnownFileType = wrapper.framework; name = AudioToolbox.framework; path = System/Library/Frameworks/AudioToolbox.framework; sourceTree = SDKROOT; };
		182801D517506C060093F416 /* SchemeViewController.h */ = {isa = PBXFileReference; fileEncoding = 4; lastKnownFileType = sourcecode.c.h; path = SchemeViewController.h; sourceTree = "<group>"; };
		182801D617506C060093F416 /* SchemeViewController.m */ = {isa = PBXFileReference; fileEncoding = 4; lastKnownFileType = sourcecode.c.objc; path = SchemeViewController.m; sourceTree = "<group>"; };
		182801D91751CD5A0093F416 /* SchemeManager.h */ = {isa = PBXFileReference; fileEncoding = 4; lastKnownFileType = sourcecode.c.h; path = SchemeManager.h; sourceTree = "<group>"; };
		182801DA1751CD5A0093F416 /* SchemeManager.m */ = {isa = PBXFileReference; fileEncoding = 4; lastKnownFileType = sourcecode.c.objc; path = SchemeManager.m; sourceTree = "<group>"; };
		182802141751D7E70093F416 /* StoreKit.framework */ = {isa = PBXFileReference; lastKnownFileType = wrapper.framework; name = StoreKit.framework; path = System/Library/Frameworks/StoreKit.framework; sourceTree = SDKROOT; };
		182C5756174FA65800214883 /* SettingViewController.h */ = {isa = PBXFileReference; fileEncoding = 4; lastKnownFileType = sourcecode.c.h; path = SettingViewController.h; sourceTree = "<group>"; };
		182C5757174FA65800214883 /* SettingViewController.m */ = {isa = PBXFileReference; fileEncoding = 4; lastKnownFileType = sourcecode.c.objc; path = SettingViewController.m; sourceTree = "<group>"; };
		182C575A174FAC7A00214883 /* QBFlatButton.h */ = {isa = PBXFileReference; fileEncoding = 4; lastKnownFileType = sourcecode.c.h; path = QBFlatButton.h; sourceTree = "<group>"; };
		182C575B174FAC7A00214883 /* QBFlatButton.m */ = {isa = PBXFileReference; fileEncoding = 4; lastKnownFileType = sourcecode.c.objc; path = QBFlatButton.m; sourceTree = "<group>"; };
		182C579D174FC70100214883 /* MessageUI.framework */ = {isa = PBXFileReference; lastKnownFileType = wrapper.framework; name = MessageUI.framework; path = System/Library/Frameworks/MessageUI.framework; sourceTree = SDKROOT; };
		182F81DB174A51E0006E2E36 /* QuartzCore.framework */ = {isa = PBXFileReference; lastKnownFileType = wrapper.framework; name = QuartzCore.framework; path = System/Library/Frameworks/QuartzCore.framework; sourceTree = SDKROOT; };
		182F81E4174A707E006E2E36 /* Default@2x.png */ = {isa = PBXFileReference; lastKnownFileType = image.png; path = "Default@2x.png"; sourceTree = "<group>"; };
		182F81E6174A7142006E2E36 /* Default.png */ = {isa = PBXFileReference; lastKnownFileType = image.png; path = Default.png; sourceTree = "<group>"; };
		182F81E7174A7142006E2E36 /* Default-568h@2x.png */ = {isa = PBXFileReference; lastKnownFileType = image.png; path = "Default-568h@2x.png"; sourceTree = "<group>"; };
		18441FA317488670004B6EC0 /* en */ = {isa = PBXFileReference; lastKnownFileType = file.xib; name = en; path = en.lproj/MasterViewController_iPhone568.xib; sourceTree = "<group>"; };
		18C54AAE1748C6A5008BF33D /* CFNetwork.framework */ = {isa = PBXFileReference; lastKnownFileType = wrapper.framework; name = CFNetwork.framework; path = System/Library/Frameworks/CFNetwork.framework; sourceTree = SDKROOT; };
		18C54AB01748C722008BF33D /* SystemConfiguration.framework */ = {isa = PBXFileReference; lastKnownFileType = wrapper.framework; name = SystemConfiguration.framework; path = System/Library/Frameworks/SystemConfiguration.framework; sourceTree = SDKROOT; };
		18CBF6D3174BA69800BB6010 /* Flurry.h */ = {isa = PBXFileReference; fileEncoding = 4; lastKnownFileType = sourcecode.c.h; path = Flurry.h; sourceTree = "<group>"; };
		18CBF6D4174BA69800BB6010 /* libFlurry.a */ = {isa = PBXFileReference; lastKnownFileType = archive.ar; path = libFlurry.a; sourceTree = "<group>"; };
		18CBF6D5174BA69800BB6010 /* UIColor+Colours.h */ = {isa = PBXFileReference; fileEncoding = 4; lastKnownFileType = sourcecode.c.h; path = "UIColor+Colours.h"; sourceTree = "<group>"; };
		18CBF6D6174BA69800BB6010 /* UIColor+Colours.m */ = {isa = PBXFileReference; fileEncoding = 4; lastKnownFileType = sourcecode.c.objc; path = "UIColor+Colours.m"; sourceTree = "<group>"; };
		18CBF6DA174BA6AA00BB6010 /* GCPINViewController.h */ = {isa = PBXFileReference; fileEncoding = 4; lastKnownFileType = sourcecode.c.h; path = GCPINViewController.h; sourceTree = "<group>"; };
		18CBF6DB174BA6AA00BB6010 /* GCPINViewController.m */ = {isa = PBXFileReference; fileEncoding = 4; lastKnownFileType = sourcecode.c.objc; path = GCPINViewController.m; sourceTree = "<group>"; };
		18CBF6DD174BA6AA00BB6010 /* GCPINViewController~ipad.xib */ = {isa = PBXFileReference; fileEncoding = 4; lastKnownFileType = file.xib; path = "GCPINViewController~ipad.xib"; sourceTree = "<group>"; };
		18CBF6DF174BA6AA00BB6010 /* GradientView.h */ = {isa = PBXFileReference; fileEncoding = 4; lastKnownFileType = sourcecode.c.h; path = GradientView.h; sourceTree = "<group>"; };
		18CBF6E0174BA6AA00BB6010 /* GradientView.m */ = {isa = PBXFileReference; fileEncoding = 4; lastKnownFileType = sourcecode.c.objc; path = GradientView.m; sourceTree = "<group>"; };
		18CBF6E1174BA6AA00BB6010 /* PINBox.png */ = {isa = PBXFileReference; lastKnownFileType = image.png; path = PINBox.png; sourceTree = "<group>"; };
		18CBF6E2174BA6AA00BB6010 /* PINBox@2x.png */ = {isa = PBXFileReference; lastKnownFileType = image.png; path = "PINBox@2x.png"; sourceTree = "<group>"; };
		18CBF6EA174BA75400BB6010 /* NoteView.h */ = {isa = PBXFileReference; fileEncoding = 4; lastKnownFileType = sourcecode.c.h; path = NoteView.h; sourceTree = "<group>"; };
		18CBF6EB174BA75400BB6010 /* NoteView.m */ = {isa = PBXFileReference; fileEncoding = 4; lastKnownFileType = sourcecode.c.objc; path = NoteView.m; sourceTree = "<group>"; };
		18CBF6F5174BB3DE00BB6010 /* GCPINViewController568h.xib */ = {isa = PBXFileReference; fileEncoding = 4; lastKnownFileType = file.xib; path = GCPINViewController568h.xib; sourceTree = "<group>"; };
		18F517311751E07C0061B0A6 /* GCPINViewController.xib */ = {isa = PBXFileReference; fileEncoding = 4; lastKnownFileType = file.xib; path = GCPINViewController.xib; sourceTree = "<group>"; };
		18F517341751E4C50061B0A6 /* GCPlaceholderTextView.h */ = {isa = PBXFileReference; fileEncoding = 4; lastKnownFileType = sourcecode.c.h; path = GCPlaceholderTextView.h; sourceTree = "<group>"; };
		18F517351751E4C50061B0A6 /* GCPlaceholderTextView.m */ = {isa = PBXFileReference; fileEncoding = 4; lastKnownFileType = sourcecode.c.objc; path = GCPlaceholderTextView.m; sourceTree = "<group>"; };
		4724248045A24E3AA671C40E /* libPods.a */ = {isa = PBXFileReference; explicitFileType = archive.ar; includeInIndex = 0; path = libPods.a; sourceTree = BUILT_PRODUCTS_DIR; };
		D49AD580CECD445DBE4CEABE /* Pods.xcconfig */ = {isa = PBXFileReference; includeInIndex = 1; lastKnownFileType = text.xcconfig; name = Pods.xcconfig; path = Pods/Pods.xcconfig; sourceTree = SOURCE_ROOT; };
/* End PBXFileReference section */

/* Begin PBXFrameworksBuildPhase section */
		180ECFD817237CCE006276DF /* Frameworks */ = {
			isa = PBXFrameworksBuildPhase;
			buildActionMask = 2147483647;
			files = (
				182802151751D7E70093F416 /* StoreKit.framework in Frameworks */,
				180ECFE217237CCF006276DF /* Foundation.framework in Frameworks */,
				182C579E174FC70100214883 /* MessageUI.framework in Frameworks */,
				182F81DC174A51E0006E2E36 /* QuartzCore.framework in Frameworks */,
				18C54AB11748C722008BF33D /* SystemConfiguration.framework in Frameworks */,
				18C54AAF1748C6A5008BF33D /* CFNetwork.framework in Frameworks */,
				180ED0251723B64C006276DF /* AudioToolbox.framework in Frameworks */,
				180ECFE017237CCF006276DF /* UIKit.framework in Frameworks */,
				180ECFE417237CCF006276DF /* CoreGraphics.framework in Frameworks */,
				180ECFE617237CCF006276DF /* CoreData.framework in Frameworks */,
				18CBF6D7174BA69800BB6010 /* libFlurry.a in Frameworks */,
				43DF02D639EC49A58769CA8B /* libPods.a in Frameworks */,
			);
			runOnlyForDeploymentPostprocessing = 0;
		};
/* End PBXFrameworksBuildPhase section */

/* Begin PBXGroup section */
		180ECFD017237CCE006276DF = {
			isa = PBXGroup;
			children = (
				18F517331751E4C50061B0A6 /* GCPlaceholderTextView */,
				18CBF6D9174BA6AA00BB6010 /* pinview */,
				18CBF6D2174BA69800BB6010 /* Common */,
				182F81E6174A7142006E2E36 /* Default.png */,
				182F81E7174A7142006E2E36 /* Default-568h@2x.png */,
				182F81E4174A707E006E2E36 /* Default@2x.png */,
				180ED02117237DFC006276DF /* AppSetting.h */,
				180ED02217237DFD006276DF /* AppSetting.m */,
				180ECFE717237CCF006276DF /* MySecNote */,
				180ECFDE17237CCF006276DF /* Frameworks */,
				180ECFDC17237CCF006276DF /* Products */,
				D49AD580CECD445DBE4CEABE /* Pods.xcconfig */,
			);
			sourceTree = "<group>";
		};
		180ECFDC17237CCF006276DF /* Products */ = {
			isa = PBXGroup;
			children = (
				180ECFDB17237CCF006276DF /* Passwords.app */,
			);
			name = Products;
			sourceTree = "<group>";
		};
		180ECFDE17237CCF006276DF /* Frameworks */ = {
			isa = PBXGroup;
			children = (
				182802141751D7E70093F416 /* StoreKit.framework */,
				182C579D174FC70100214883 /* MessageUI.framework */,
				182F81DB174A51E0006E2E36 /* QuartzCore.framework */,
				18C54AB01748C722008BF33D /* SystemConfiguration.framework */,
				18C54AAE1748C6A5008BF33D /* CFNetwork.framework */,
				180ED0241723B64C006276DF /* AudioToolbox.framework */,
				180ECFDF17237CCF006276DF /* UIKit.framework */,
				180ECFE117237CCF006276DF /* Foundation.framework */,
				180ECFE317237CCF006276DF /* CoreGraphics.framework */,
				180ECFE517237CCF006276DF /* CoreData.framework */,
				4724248045A24E3AA671C40E /* libPods.a */,
			);
			name = Frameworks;
			sourceTree = "<group>";
		};
		180ECFE717237CCF006276DF /* MySecNote */ = {
			isa = PBXGroup;
			children = (
				182801D91751CD5A0093F416 /* SchemeManager.h */,
				182801DA1751CD5A0093F416 /* SchemeManager.m */,
				182801D517506C060093F416 /* SchemeViewController.h */,
				182801D617506C060093F416 /* SchemeViewController.m */,
				182C5756174FA65800214883 /* SettingViewController.h */,
				182C5757174FA65800214883 /* SettingViewController.m */,
				18CBF6EA174BA75400BB6010 /* NoteView.h */,
				18CBF6EB174BA75400BB6010 /* NoteView.m */,
				183687B5173F6BE5001978AF /* xib */,
				180ECFF017237CCF006276DF /* AppDelegate.h */,
				180ECFF117237CCF006276DF /* AppDelegate.m */,
				180ECFFC17237CCF006276DF /* MasterViewController.h */,
				180ECFFD17237CCF006276DF /* MasterViewController.m */,
				180ECFFF17237CCF006276DF /* DetailViewController.h */,
				180ED00017237CCF006276DF /* DetailViewController.m */,
				180ED00517237CCF006276DF /* MasterViewController_iPad.xib */,
				180ED00B17237CCF006276DF /* DetailViewController_iPad.xib */,
				180ECFF917237CCF006276DF /* MySecNote.xcdatamodeld */,
				180ECFE817237CCF006276DF /* Supporting Files */,
			);
			path = MySecNote;
			sourceTree = "<group>";
		};
		180ECFE817237CCF006276DF /* Supporting Files */ = {
			isa = PBXGroup;
			children = (
				180ACC8C17240C43003DC8BF /* Icon-72.png */,
				180ACC8D17240C43003DC8BF /* Icon-72@2x.png */,
				180ACC8E17240C43003DC8BF /* Icon-Small-50.png */,
				180ACC8F17240C43003DC8BF /* Icon-Small.png */,
				180ACC9017240C43003DC8BF /* Icon.png */,
				180ACC9117240C43003DC8BF /* Icon@2x.png */,
				180ACC9217240C43003DC8BF /* Icon512.png */,
				180ACC9317240C43003DC8BF /* Ion-Small@2x.png */,
				180ECFE917237CCF006276DF /* MySecNote-Info.plist */,
				180ECFEA17237CCF006276DF /* InfoPlist.strings */,
				180ECFED17237CCF006276DF /* main.m */,
				180ECFEF17237CCF006276DF /* MySecNote-Prefix.pch */,
			);
			name = "Supporting Files";
			sourceTree = "<group>";
		};
		183687B5173F6BE5001978AF /* xib */ = {
			isa = PBXGroup;
			children = (
				18441FA217488670004B6EC0 /* MasterViewController_iPhone568.xib */,
				180ED00217237CCF006276DF /* MasterViewController_iPhone.xib */,
			);
			name = xib;
			path = ..;
			sourceTree = "<group>";
		};
		18CBF6D2174BA69800BB6010 /* Common */ = {
			isa = PBXGroup;
			children = (
				182C575A174FAC7A00214883 /* QBFlatButton.h */,
				182C575B174FAC7A00214883 /* QBFlatButton.m */,
				18CBF6D3174BA69800BB6010 /* Flurry.h */,
				18CBF6D4174BA69800BB6010 /* libFlurry.a */,
				18CBF6D5174BA69800BB6010 /* UIColor+Colours.h */,
				18CBF6D6174BA69800BB6010 /* UIColor+Colours.m */,
			);
			path = Common;
			sourceTree = "<group>";
		};
		18CBF6D9174BA6AA00BB6010 /* pinview */ = {
			isa = PBXGroup;
			children = (
				18F517311751E07C0061B0A6 /* GCPINViewController.xib */,
				18CBF6DA174BA6AA00BB6010 /* GCPINViewController.h */,
				18CBF6DB174BA6AA00BB6010 /* GCPINViewController.m */,
				18CBF6F5174BB3DE00BB6010 /* GCPINViewController568h.xib */,
				18CBF6DD174BA6AA00BB6010 /* GCPINViewController~ipad.xib */,
				18CBF6DF174BA6AA00BB6010 /* GradientView.h */,
				18CBF6E0174BA6AA00BB6010 /* GradientView.m */,
				18CBF6E1174BA6AA00BB6010 /* PINBox.png */,
				18CBF6E2174BA6AA00BB6010 /* PINBox@2x.png */,
			);
			path = pinview;
			sourceTree = "<group>";
		};
		18F517331751E4C50061B0A6 /* GCPlaceholderTextView */ = {
			isa = PBXGroup;
			children = (
				18F517341751E4C50061B0A6 /* GCPlaceholderTextView.h */,
				18F517351751E4C50061B0A6 /* GCPlaceholderTextView.m */,
			);
			path = GCPlaceholderTextView;
			sourceTree = "<group>";
		};
/* End PBXGroup section */

/* Begin PBXNativeTarget section */
		180ECFDA17237CCE006276DF /* Passwords */ = {
			isa = PBXNativeTarget;
			buildConfigurationList = 180ED01017237CCF006276DF /* Build configuration list for PBXNativeTarget "Passwords" */;
			buildPhases = (
				15888EB90E194B578220BCE9 /* Check Pods Manifest.lock */,
				180ECFD717237CCE006276DF /* Sources */,
				180ECFD817237CCE006276DF /* Frameworks */,
				180ECFD917237CCE006276DF /* Resources */,
				32037386F4F745A39FEAD7AA /* Copy Pods Resources */,
			);
			buildRules = (
			);
			dependencies = (
			);
			name = Passwords;
			productName = MySecNote;
			productReference = 180ECFDB17237CCF006276DF /* Passwords.app */;
			productType = "com.apple.product-type.application";
		};
/* End PBXNativeTarget section */

/* Begin PBXProject section */
		180ECFD217237CCE006276DF /* Project object */ = {
			isa = PBXProject;
			attributes = {
				LastUpgradeCheck = 0450;
				ORGANIZATIONNAME = DFA;
			};
			buildConfigurationList = 180ECFD517237CCE006276DF /* Build configuration list for PBXProject "MySecNote" */;
			compatibilityVersion = "Xcode 3.2";
			developmentRegion = English;
			hasScannedForEncodings = 0;
			knownRegions = (
				en,
			);
			mainGroup = 180ECFD017237CCE006276DF;
			productRefGroup = 180ECFDC17237CCF006276DF /* Products */;
			projectDirPath = "";
			projectRoot = "";
			targets = (
				180ECFDA17237CCE006276DF /* Passwords */,
			);
		};
/* End PBXProject section */

/* Begin PBXResourcesBuildPhase section */
		180ECFD917237CCE006276DF /* Resources */ = {
			isa = PBXResourcesBuildPhase;
			buildActionMask = 2147483647;
			files = (
				180ECFEC17237CCF006276DF /* InfoPlist.strings in Resources */,
				180ED00417237CCF006276DF /* MasterViewController_iPhone.xib in Resources */,
				180ED00717237CCF006276DF /* MasterViewController_iPad.xib in Resources */,
				180ED00D17237CCF006276DF /* DetailViewController_iPad.xib in Resources */,
				180ACC9417240C43003DC8BF /* Icon-72.png in Resources */,
				180ACC9517240C43003DC8BF /* Icon-72@2x.png in Resources */,
				180ACC9617240C43003DC8BF /* Icon-Small-50.png in Resources */,
				180ACC9717240C43003DC8BF /* Icon-Small.png in Resources */,
				180ACC9817240C43003DC8BF /* Icon.png in Resources */,
				180ACC9917240C43003DC8BF /* Icon@2x.png in Resources */,
				180ACC9A17240C43003DC8BF /* Icon512.png in Resources */,
				180ACC9B17240C43003DC8BF /* Ion-Small@2x.png in Resources */,
				18441FA417488670004B6EC0 /* MasterViewController_iPhone568.xib in Resources */,
				182F81E5174A707E006E2E36 /* Default@2x.png in Resources */,
				182F81E8174A7142006E2E36 /* Default.png in Resources */,
				182F81E9174A7142006E2E36 /* Default-568h@2x.png in Resources */,
				18CBF6E5174BA6AA00BB6010 /* GCPINViewController~ipad.xib in Resources */,
				18CBF6E8174BA6AA00BB6010 /* PINBox.png in Resources */,
				18CBF6E9174BA6AA00BB6010 /* PINBox@2x.png in Resources */,
				18CBF6F6174BB3DE00BB6010 /* GCPINViewController568h.xib in Resources */,
				18F517321751E07C0061B0A6 /* GCPINViewController.xib in Resources */,
			);
			runOnlyForDeploymentPostprocessing = 0;
		};
/* End PBXResourcesBuildPhase section */

/* Begin PBXShellScriptBuildPhase section */
		15888EB90E194B578220BCE9 /* Check Pods Manifest.lock */ = {
			isa = PBXShellScriptBuildPhase;
			buildActionMask = 2147483647;
			files = (
			);
			inputPaths = (
			);
			name = "Check Pods Manifest.lock";
			outputPaths = (
			);
			runOnlyForDeploymentPostprocessing = 0;
			shellPath = /bin/sh;
			shellScript = "diff \"${PODS_ROOT}/../Podfile.lock\" \"${PODS_ROOT}/Manifest.lock\" > /dev/null\nif [[ $? != 0 ]] ; then\n    cat << EOM\nerror: The sandbox is not in sync with the Podfile.lock. Run 'pod install' or update your CocoaPods installation.\nEOM\n    exit 1\nfi\n";
		};
		32037386F4F745A39FEAD7AA /* Copy Pods Resources */ = {
			isa = PBXShellScriptBuildPhase;
			buildActionMask = 2147483647;
			files = (
			);
			inputPaths = (
			);
			name = "Copy Pods Resources";
			outputPaths = (
			);
			runOnlyForDeploymentPostprocessing = 0;
			shellPath = /bin/sh;
			shellScript = "\"${SRCROOT}/Pods/Pods-resources.sh\"\n";
		};
/* End PBXShellScriptBuildPhase section */

/* Begin PBXSourcesBuildPhase section */
		180ECFD717237CCE006276DF /* Sources */ = {
			isa = PBXSourcesBuildPhase;
			buildActionMask = 2147483647;
			files = (
				180ECFEE17237CCF006276DF /* main.m in Sources */,
				180ECFF217237CCF006276DF /* AppDelegate.m in Sources */,
				180ECFFB17237CCF006276DF /* MySecNote.xcdatamodeld in Sources */,
				180ECFFE17237CCF006276DF /* MasterViewController.m in Sources */,
				180ED00117237CCF006276DF /* DetailViewController.m in Sources */,
				180ED02317237DFD006276DF /* AppSetting.m in Sources */,
				18CBF6D8174BA69800BB6010 /* UIColor+Colours.m in Sources */,
				18CBF6E3174BA6AA00BB6010 /* GCPINViewController.m in Sources */,
				18CBF6E7174BA6AA00BB6010 /* GradientView.m in Sources */,
				18CBF6EC174BA75400BB6010 /* NoteView.m in Sources */,
				182C5758174FA65800214883 /* SettingViewController.m in Sources */,
				182C575C174FAC7A00214883 /* QBFlatButton.m in Sources */,
				182801D717506C060093F416 /* SchemeViewController.m in Sources */,
				182801DB1751CD5A0093F416 /* SchemeManager.m in Sources */,
				18F517361751E4C50061B0A6 /* GCPlaceholderTextView.m in Sources */,
			);
			runOnlyForDeploymentPostprocessing = 0;
		};
/* End PBXSourcesBuildPhase section */

/* Begin PBXVariantGroup section */
		180ECFEA17237CCF006276DF /* InfoPlist.strings */ = {
			isa = PBXVariantGroup;
			children = (
				180ECFEB17237CCF006276DF /* en */,
			);
			name = InfoPlist.strings;
			sourceTree = "<group>";
		};
		180ED00217237CCF006276DF /* MasterViewController_iPhone.xib */ = {
			isa = PBXVariantGroup;
			children = (
				180ED00317237CCF006276DF /* en */,
			);
			name = MasterViewController_iPhone.xib;
			path = MySecNote;
			sourceTree = "<group>";
		};
		180ED00517237CCF006276DF /* MasterViewController_iPad.xib */ = {
			isa = PBXVariantGroup;
			children = (
				180ED00617237CCF006276DF /* en */,
			);
			name = MasterViewController_iPad.xib;
			sourceTree = "<group>";
		};
		180ED00B17237CCF006276DF /* DetailViewController_iPad.xib */ = {
			isa = PBXVariantGroup;
			children = (
				180ED00C17237CCF006276DF /* en */,
			);
			name = DetailViewController_iPad.xib;
			sourceTree = "<group>";
		};
		18441FA217488670004B6EC0 /* MasterViewController_iPhone568.xib */ = {
			isa = PBXVariantGroup;
			children = (
				18441FA317488670004B6EC0 /* en */,
			);
			name = MasterViewController_iPhone568.xib;
			path = MySecNote;
			sourceTree = "<group>";
		};
/* End PBXVariantGroup section */

/* Begin XCBuildConfiguration section */
		180ACCA117242027003DC8BF /* Adhoc */ = {
			isa = XCBuildConfiguration;
			buildSettings = {
				ALWAYS_SEARCH_USER_PATHS = NO;
				CLANG_CXX_LANGUAGE_STANDARD = "gnu++0x";
				CLANG_CXX_LIBRARY = "libc++";
				CLANG_ENABLE_OBJC_ARC = YES;
				CLANG_WARN_EMPTY_BODY = YES;
				CLANG_WARN__DUPLICATE_METHOD_MATCH = YES;
				"CODE_SIGN_IDENTITY[sdk=iphoneos*]" = "iPhone Developer";
				COPY_PHASE_STRIP = YES;
				GCC_C_LANGUAGE_STANDARD = gnu99;
				GCC_WARN_ABOUT_RETURN_TYPE = YES;
				GCC_WARN_UNINITIALIZED_AUTOS = YES;
				GCC_WARN_UNUSED_VARIABLE = YES;
				IPHONEOS_DEPLOYMENT_TARGET = 6.0;
				OTHER_CFLAGS = "-DNS_BLOCK_ASSERTIONS=1";
				SDKROOT = iphoneos;
				TARGETED_DEVICE_FAMILY = "1,2";
				VALIDATE_PRODUCT = YES;
			};
			name = Adhoc;
		};
		180ACCA217242027003DC8BF /* Adhoc */ = {
			isa = XCBuildConfiguration;
			baseConfigurationReference = D49AD580CECD445DBE4CEABE /* Pods.xcconfig */;
			buildSettings = {
				CODE_SIGN_IDENTITY = "iPhone Developer: Shi Lin (NER6K732V4)";
				"CODE_SIGN_IDENTITY[sdk=iphoneos*]" = "iPhone Developer";
				GCC_PRECOMPILE_PREFIX_HEADER = YES;
				GCC_PREFIX_HEADER = "MySecNote/MySecNote-Prefix.pch";
				INFOPLIST_FILE = "MySecNote/MySecNote-Info.plist";
				IPHONEOS_DEPLOYMENT_TARGET = 6.0;
				LIBRARY_SEARCH_PATHS = (
					"$(inherited)",
					"\"$(SRCROOT)\"",
					"\"$(SRCROOT)/Common\"",
				);
				PRODUCT_NAME = "$(TARGET_NAME)";
				PROVISIONING_PROFILE = "731F7D85-CDA5-44D2-BF2D-CE9F88348733";
				"PROVISIONING_PROFILE[sdk=iphoneos*]" = "";
				TARGETED_DEVICE_FAMILY = 1;
				WRAPPER_EXTENSION = app;
			};
			name = Adhoc;
		};
		180ED00E17237CCF006276DF /* Debug */ = {
			isa = XCBuildConfiguration;
			buildSettings = {
				ALWAYS_SEARCH_USER_PATHS = NO;
				CLANG_CXX_LANGUAGE_STANDARD = "gnu++0x";
				CLANG_CXX_LIBRARY = "libc++";
				CLANG_ENABLE_OBJC_ARC = YES;
				CLANG_WARN_EMPTY_BODY = YES;
				CLANG_WARN__DUPLICATE_METHOD_MATCH = YES;
				"CODE_SIGN_IDENTITY[sdk=iphoneos*]" = "iPhone Developer";
				COPY_PHASE_STRIP = NO;
				GCC_C_LANGUAGE_STANDARD = gnu99;
				GCC_DYNAMIC_NO_PIC = NO;
				GCC_OPTIMIZATION_LEVEL = 0;
				GCC_PREPROCESSOR_DEFINITIONS = (
					"DEBUG=1",
					"$(inherited)",
				);
				GCC_SYMBOLS_PRIVATE_EXTERN = NO;
				GCC_WARN_ABOUT_RETURN_TYPE = YES;
				GCC_WARN_UNINITIALIZED_AUTOS = YES;
				GCC_WARN_UNUSED_VARIABLE = YES;
				IPHONEOS_DEPLOYMENT_TARGET = 6.0;
				ONLY_ACTIVE_ARCH = YES;
				SDKROOT = iphoneos;
				TARGETED_DEVICE_FAMILY = "1,2";
			};
			name = Debug;
		};
		180ED00F17237CCF006276DF /* Release */ = {
			isa = XCBuildConfiguration;
			buildSettings = {
				ALWAYS_SEARCH_USER_PATHS = NO;
				CLANG_CXX_LANGUAGE_STANDARD = "gnu++0x";
				CLANG_CXX_LIBRARY = "libc++";
				CLANG_ENABLE_OBJC_ARC = YES;
				CLANG_WARN_EMPTY_BODY = YES;
				CLANG_WARN__DUPLICATE_METHOD_MATCH = YES;
				"CODE_SIGN_IDENTITY[sdk=iphoneos*]" = "iPhone Developer";
				COPY_PHASE_STRIP = YES;
				GCC_C_LANGUAGE_STANDARD = gnu99;
				GCC_WARN_ABOUT_RETURN_TYPE = YES;
				GCC_WARN_UNINITIALIZED_AUTOS = YES;
				GCC_WARN_UNUSED_VARIABLE = YES;
				IPHONEOS_DEPLOYMENT_TARGET = 6.0;
				OTHER_CFLAGS = "-DNS_BLOCK_ASSERTIONS=1";
				SDKROOT = iphoneos;
				TARGETED_DEVICE_FAMILY = "1,2";
				VALIDATE_PRODUCT = YES;
			};
			name = Release;
		};
		180ED01117237CCF006276DF /* Debug */ = {
			isa = XCBuildConfiguration;
			baseConfigurationReference = D49AD580CECD445DBE4CEABE /* Pods.xcconfig */;
			buildSettings = {
				CODE_SIGN_IDENTITY = "iPhone Developer";
				"CODE_SIGN_IDENTITY[sdk=iphoneos*]" = "iPhone Developer";
				GCC_PRECOMPILE_PREFIX_HEADER = YES;
				GCC_PREFIX_HEADER = "MySecNote/MySecNote-Prefix.pch";
				INFOPLIST_FILE = "MySecNote/MySecNote-Info.plist";
				IPHONEOS_DEPLOYMENT_TARGET = 6.0;
				LIBRARY_SEARCH_PATHS = (
					"$(inherited)",
					"\"$(SRCROOT)\"",
					"\"$(SRCROOT)/Common\"",
				);
				PRODUCT_NAME = "$(TARGET_NAME)";
				PROVISIONING_PROFILE = "";
				"PROVISIONING_PROFILE[sdk=iphoneos*]" = "";
				TARGETED_DEVICE_FAMILY = 1;
				WRAPPER_EXTENSION = app;
			};
			name = Debug;
		};
		180ED01217237CCF006276DF /* Release */ = {
			isa = XCBuildConfiguration;
			baseConfigurationReference = D49AD580CECD445DBE4CEABE /* Pods.xcconfig */;
			buildSettings = {
				CODE_SIGN_IDENTITY = "iPhone Distribution: Shi Lin";
				"CODE_SIGN_IDENTITY[sdk=iphoneos*]" = "iPhone Distribution";
				GCC_PRECOMPILE_PREFIX_HEADER = YES;
				GCC_PREFIX_HEADER = "MySecNote/MySecNote-Prefix.pch";
				INFOPLIST_FILE = "MySecNote/MySecNote-Info.plist";
				IPHONEOS_DEPLOYMENT_TARGET = 6.0;
				LIBRARY_SEARCH_PATHS = (
					"$(inherited)",
					"\"$(SRCROOT)\"",
					"\"$(SRCROOT)/Common\"",
				);
				PRODUCT_NAME = "$(TARGET_NAME)";
				PROVISIONING_PROFILE = "271191B0-05CA-4E65-838F-032FAE3EBD7E";
				"PROVISIONING_PROFILE[sdk=iphoneos*]" = "";
				TARGETED_DEVICE_FAMILY = 1;
				WRAPPER_EXTENSION = app;
			};
			name = Release;
		};
/* End XCBuildConfiguration section */

/* Begin XCConfigurationList section */
		180ECFD517237CCE006276DF /* Build configuration list for PBXProject "MySecNote" */ = {
			isa = XCConfigurationList;
			buildConfigurations = (
				180ED00E17237CCF006276DF /* Debug */,
				180ED00F17237CCF006276DF /* Release */,
				180ACCA117242027003DC8BF /* Adhoc */,
			);
			defaultConfigurationIsVisible = 0;
			defaultConfigurationName = Release;
		};
		180ED01017237CCF006276DF /* Build configuration list for PBXNativeTarget "Passwords" */ = {
			isa = XCConfigurationList;
			buildConfigurations = (
				180ED01117237CCF006276DF /* Debug */,
				180ED01217237CCF006276DF /* Release */,
				180ACCA217242027003DC8BF /* Adhoc */,
			);
			defaultConfigurationIsVisible = 0;
			defaultConfigurationName = Release;
		};
/* End XCConfigurationList section */

/* Begin XCVersionGroup section */
		180ECFF917237CCF006276DF /* MySecNote.xcdatamodeld */ = {
			isa = XCVersionGroup;
			children = (
				180ECFFA17237CCF006276DF /* MySecNote.xcdatamodel */,
			);
			currentVersion = 180ECFFA17237CCF006276DF /* MySecNote.xcdatamodel */;
			path = MySecNote.xcdatamodeld;
			sourceTree = "<group>";
			versionGroupType = wrapper.xcdatamodel;
		};
/* End XCVersionGroup section */
	};
	rootObject = 180ECFD217237CCE006276DF /* Project object */;
}
