<?xml version="1.0" encoding="UTF-8"?>
<!DOCTYPE plist PUBLIC "-//Apple//DTD PLIST 1.0//EN" "http://www.apple.com/DTDs/PropertyList-1.0.dtd">
<plist version="1.0">
<dict>
	<key>archiveVersion</key>
	<string>1</string>
	<key>classes</key>
	<dict/>
	<key>objectVersion</key>
	<string>46</string>
	<key>objects</key>
	<dict>
		<key>15888EB90E194B578220BCE9</key>
		<dict>
			<key>buildActionMask</key>
			<string>2147483647</string>
			<key>files</key>
			<array/>
			<key>inputPaths</key>
			<array/>
			<key>isa</key>
			<string>PBXShellScriptBuildPhase</string>
			<key>name</key>
			<string>Check Pods Manifest.lock</string>
			<key>outputPaths</key>
			<array/>
			<key>runOnlyForDeploymentPostprocessing</key>
			<string>0</string>
			<key>shellPath</key>
			<string>/bin/sh</string>
			<key>shellScript</key>
			<string>diff "${PODS_ROOT}/../Podfile.lock" "${PODS_ROOT}/Manifest.lock" &gt; /dev/null
if [[ $? != 0 ]] ; then
    cat &lt;&lt; EOM
error: The sandbox is not in sync with the Podfile.lock. Run 'pod install' or update your CocoaPods installation.
EOM
    exit 1
fi
</string>
			<key>showEnvVarsInLog</key>
			<string>1</string>
		</dict>
		<key>180ACC8C17240C43003DC8BF</key>
		<dict>
			<key>isa</key>
			<string>PBXFileReference</string>
			<key>lastKnownFileType</key>
			<string>image.png</string>
			<key>path</key>
			<string>Icon-72.png</string>
			<key>sourceTree</key>
			<string>&lt;group&gt;</string>
		</dict>
		<key>180ACC8D17240C43003DC8BF</key>
		<dict>
			<key>isa</key>
			<string>PBXFileReference</string>
			<key>lastKnownFileType</key>
			<string>image.png</string>
			<key>path</key>
			<string>Icon-72@2x.png</string>
			<key>sourceTree</key>
			<string>&lt;group&gt;</string>
		</dict>
		<key>180ACC8E17240C43003DC8BF</key>
		<dict>
			<key>isa</key>
			<string>PBXFileReference</string>
			<key>lastKnownFileType</key>
			<string>image.png</string>
			<key>path</key>
			<string>Icon-Small-50.png</string>
			<key>sourceTree</key>
			<string>&lt;group&gt;</string>
		</dict>
		<key>180ACC8F17240C43003DC8BF</key>
		<dict>
			<key>isa</key>
			<string>PBXFileReference</string>
			<key>lastKnownFileType</key>
			<string>image.png</string>
			<key>path</key>
			<string>Icon-Small.png</string>
			<key>sourceTree</key>
			<string>&lt;group&gt;</string>
		</dict>
		<key>180ACC9017240C43003DC8BF</key>
		<dict>
			<key>isa</key>
			<string>PBXFileReference</string>
			<key>lastKnownFileType</key>
			<string>image.png</string>
			<key>path</key>
			<string>Icon.png</string>
			<key>sourceTree</key>
			<string>&lt;group&gt;</string>
		</dict>
		<key>180ACC9117240C43003DC8BF</key>
		<dict>
			<key>isa</key>
			<string>PBXFileReference</string>
			<key>lastKnownFileType</key>
			<string>image.png</string>
			<key>path</key>
			<string>Icon@2x.png</string>
			<key>sourceTree</key>
			<string>&lt;group&gt;</string>
		</dict>
		<key>180ACC9217240C43003DC8BF</key>
		<dict>
			<key>isa</key>
			<string>PBXFileReference</string>
			<key>lastKnownFileType</key>
			<string>image.png</string>
			<key>path</key>
			<string>Icon512.png</string>
			<key>sourceTree</key>
			<string>&lt;group&gt;</string>
		</dict>
		<key>180ACC9317240C43003DC8BF</key>
		<dict>
			<key>isa</key>
			<string>PBXFileReference</string>
			<key>lastKnownFileType</key>
			<string>image.png</string>
			<key>path</key>
			<string>Ion-Small@2x.png</string>
			<key>sourceTree</key>
			<string>&lt;group&gt;</string>
		</dict>
		<key>180ACC9417240C43003DC8BF</key>
		<dict>
			<key>fileRef</key>
			<string>180ACC8C17240C43003DC8BF</string>
			<key>isa</key>
			<string>PBXBuildFile</string>
		</dict>
		<key>180ACC9517240C43003DC8BF</key>
		<dict>
			<key>fileRef</key>
			<string>180ACC8D17240C43003DC8BF</string>
			<key>isa</key>
			<string>PBXBuildFile</string>
		</dict>
		<key>180ACC9617240C43003DC8BF</key>
		<dict>
			<key>fileRef</key>
			<string>180ACC8E17240C43003DC8BF</string>
			<key>isa</key>
			<string>PBXBuildFile</string>
		</dict>
		<key>180ACC9717240C43003DC8BF</key>
		<dict>
			<key>fileRef</key>
			<string>180ACC8F17240C43003DC8BF</string>
			<key>isa</key>
			<string>PBXBuildFile</string>
		</dict>
		<key>180ACC9817240C43003DC8BF</key>
		<dict>
			<key>fileRef</key>
			<string>180ACC9017240C43003DC8BF</string>
			<key>isa</key>
			<string>PBXBuildFile</string>
		</dict>
		<key>180ACC9917240C43003DC8BF</key>
		<dict>
			<key>fileRef</key>
			<string>180ACC9117240C43003DC8BF</string>
			<key>isa</key>
			<string>PBXBuildFile</string>
		</dict>
		<key>180ACC9A17240C43003DC8BF</key>
		<dict>
			<key>fileRef</key>
			<string>180ACC9217240C43003DC8BF</string>
			<key>isa</key>
			<string>PBXBuildFile</string>
		</dict>
		<key>180ACC9B17240C43003DC8BF</key>
		<dict>
			<key>fileRef</key>
			<string>180ACC9317240C43003DC8BF</string>
			<key>isa</key>
			<string>PBXBuildFile</string>
		</dict>
		<key>180ACCA117242027003DC8BF</key>
		<dict>
			<key>buildSettings</key>
			<dict>
				<key>ALWAYS_SEARCH_USER_PATHS</key>
				<string>NO</string>
				<key>CLANG_CXX_LANGUAGE_STANDARD</key>
				<string>gnu++0x</string>
				<key>CLANG_CXX_LIBRARY</key>
				<string>libc++</string>
				<key>CLANG_ENABLE_OBJC_ARC</key>
				<string>YES</string>
				<key>CLANG_WARN_EMPTY_BODY</key>
				<string>YES</string>
				<key>CLANG_WARN__DUPLICATE_METHOD_MATCH</key>
				<string>YES</string>
				<key>CODE_SIGN_IDENTITY[sdk=iphoneos*]</key>
				<string>iPhone Developer</string>
				<key>COPY_PHASE_STRIP</key>
				<string>YES</string>
				<key>GCC_C_LANGUAGE_STANDARD</key>
				<string>gnu99</string>
				<key>GCC_WARN_ABOUT_RETURN_TYPE</key>
				<string>YES</string>
				<key>GCC_WARN_UNINITIALIZED_AUTOS</key>
				<string>YES</string>
				<key>GCC_WARN_UNUSED_VARIABLE</key>
				<string>YES</string>
				<key>IPHONEOS_DEPLOYMENT_TARGET</key>
				<string>6.0</string>
				<key>OTHER_CFLAGS</key>
				<string>-DNS_BLOCK_ASSERTIONS=1</string>
				<key>SDKROOT</key>
				<string>iphoneos</string>
				<key>TARGETED_DEVICE_FAMILY</key>
				<string>1,2</string>
				<key>VALIDATE_PRODUCT</key>
				<string>YES</string>
			</dict>
			<key>isa</key>
			<string>XCBuildConfiguration</string>
			<key>name</key>
			<string>Adhoc</string>
		</dict>
		<key>180ACCA217242027003DC8BF</key>
		<dict>
			<key>baseConfigurationReference</key>
			<string>D49AD580CECD445DBE4CEABE</string>
			<key>buildSettings</key>
			<dict>
				<key>CODE_SIGN_IDENTITY</key>
				<string>iPhone Developer: Shi Lin (NER6K732V4)</string>
				<key>CODE_SIGN_IDENTITY[sdk=iphoneos*]</key>
				<string>iPhone Developer: Shi Lin (NER6K732V4)</string>
				<key>GCC_PRECOMPILE_PREFIX_HEADER</key>
				<string>YES</string>
				<key>GCC_PREFIX_HEADER</key>
				<string>MySecNote/MySecNote-Prefix.pch</string>
				<key>INFOPLIST_FILE</key>
				<string>MySecNote/MySecNote-Info.plist</string>
				<key>IPHONEOS_DEPLOYMENT_TARGET</key>
				<string>5.1</string>
				<key>LIBRARY_SEARCH_PATHS</key>
				<array>
					<string>$(inherited)</string>
					<string>"$(SRCROOT)"</string>
					<string>"$(SRCROOT)/Common"</string>
				</array>
				<key>PRODUCT_NAME</key>
				<string>$(TARGET_NAME)</string>
				<key>PROVISIONING_PROFILE</key>
				<string>731F7D85-CDA5-44D2-BF2D-CE9F88348733</string>
				<key>PROVISIONING_PROFILE[sdk=iphoneos*]</key>
				<string>955EB0B3-AC3B-4C10-A36B-E216CDDE1A9D</string>
				<key>TARGETED_DEVICE_FAMILY</key>
				<string>1</string>
				<key>WRAPPER_EXTENSION</key>
				<string>app</string>
			</dict>
			<key>isa</key>
			<string>XCBuildConfiguration</string>
			<key>name</key>
			<string>Adhoc</string>
		</dict>
		<key>180ECFD017237CCE006276DF</key>
		<dict>
			<key>children</key>
			<array>
				<string>18CBF6D9174BA6AA00BB6010</string>
				<string>18CBF6D2174BA69800BB6010</string>
				<string>182F81E6174A7142006E2E36</string>
				<string>182F81E7174A7142006E2E36</string>
				<string>182F81E4174A707E006E2E36</string>
				<string>180ED02117237DFC006276DF</string>
				<string>180ED02217237DFD006276DF</string>
				<string>180ECFE717237CCF006276DF</string>
				<string>180ECFDE17237CCF006276DF</string>
				<string>180ECFDC17237CCF006276DF</string>
				<string>D49AD580CECD445DBE4CEABE</string>
			</array>
			<key>isa</key>
			<string>PBXGroup</string>
			<key>sourceTree</key>
			<string>&lt;group&gt;</string>
		</dict>
		<key>180ECFD217237CCE006276DF</key>
		<dict>
			<key>attributes</key>
			<dict>
				<key>LastUpgradeCheck</key>
				<string>0450</string>
				<key>ORGANIZATIONNAME</key>
				<string>DFA</string>
			</dict>
			<key>buildConfigurationList</key>
			<string>180ECFD517237CCE006276DF</string>
			<key>compatibilityVersion</key>
			<string>Xcode 3.2</string>
			<key>developmentRegion</key>
			<string>English</string>
			<key>hasScannedForEncodings</key>
			<string>0</string>
			<key>isa</key>
			<string>PBXProject</string>
			<key>knownRegions</key>
			<array>
				<string>en</string>
			</array>
			<key>mainGroup</key>
			<string>180ECFD017237CCE006276DF</string>
			<key>productRefGroup</key>
			<string>180ECFDC17237CCF006276DF</string>
			<key>projectDirPath</key>
			<string></string>
			<key>projectReferences</key>
			<array/>
			<key>projectRoot</key>
			<string></string>
			<key>targets</key>
			<array>
				<string>180ECFDA17237CCE006276DF</string>
			</array>
		</dict>
		<key>180ECFD517237CCE006276DF</key>
		<dict>
			<key>buildConfigurations</key>
			<array>
				<string>180ED00E17237CCF006276DF</string>
				<string>180ED00F17237CCF006276DF</string>
				<string>180ACCA117242027003DC8BF</string>
			</array>
			<key>defaultConfigurationIsVisible</key>
			<string>0</string>
			<key>defaultConfigurationName</key>
			<string>Release</string>
			<key>isa</key>
			<string>XCConfigurationList</string>
		</dict>
		<key>180ECFD717237CCE006276DF</key>
		<dict>
			<key>buildActionMask</key>
			<string>2147483647</string>
			<key>files</key>
			<array>
				<string>180ECFEE17237CCF006276DF</string>
				<string>180ECFF217237CCF006276DF</string>
				<string>180ECFFB17237CCF006276DF</string>
				<string>180ECFFE17237CCF006276DF</string>
				<string>180ED00117237CCF006276DF</string>
				<string>180ED02317237DFD006276DF</string>
				<string>18CBF6D8174BA69800BB6010</string>
				<string>18CBF6E3174BA6AA00BB6010</string>
				<string>18CBF6E7174BA6AA00BB6010</string>
				<string>18CBF6EC174BA75400BB6010</string>
			</array>
			<key>isa</key>
			<string>PBXSourcesBuildPhase</string>
			<key>runOnlyForDeploymentPostprocessing</key>
			<string>0</string>
		</dict>
		<key>180ECFD817237CCE006276DF</key>
		<dict>
			<key>buildActionMask</key>
			<string>2147483647</string>
			<key>files</key>
			<array>
				<string>182F81DC174A51E0006E2E36</string>
				<string>18C54AB11748C722008BF33D</string>
				<string>18C54AAF1748C6A5008BF33D</string>
				<string>180ED0251723B64C006276DF</string>
				<string>180ECFE017237CCF006276DF</string>
				<string>180ECFE217237CCF006276DF</string>
				<string>180ECFE417237CCF006276DF</string>
				<string>180ECFE617237CCF006276DF</string>
				<string>18CBF6D7174BA69800BB6010</string>
				<string>43DF02D639EC49A58769CA8B</string>
			</array>
			<key>isa</key>
			<string>PBXFrameworksBuildPhase</string>
			<key>runOnlyForDeploymentPostprocessing</key>
			<string>0</string>
		</dict>
		<key>180ECFD917237CCE006276DF</key>
		<dict>
			<key>buildActionMask</key>
			<string>2147483647</string>
			<key>files</key>
			<array>
				<string>180ECFEC17237CCF006276DF</string>
				<string>180ED00417237CCF006276DF</string>
				<string>180ED00717237CCF006276DF</string>
				<string>180ED00D17237CCF006276DF</string>
				<string>180ACC9417240C43003DC8BF</string>
				<string>180ACC9517240C43003DC8BF</string>
				<string>180ACC9617240C43003DC8BF</string>
				<string>180ACC9717240C43003DC8BF</string>
				<string>180ACC9817240C43003DC8BF</string>
				<string>180ACC9917240C43003DC8BF</string>
				<string>180ACC9A17240C43003DC8BF</string>
				<string>180ACC9B17240C43003DC8BF</string>
				<string>18441FA417488670004B6EC0</string>
				<string>182F81E5174A707E006E2E36</string>
				<string>182F81E8174A7142006E2E36</string>
				<string>182F81E9174A7142006E2E36</string>
				<string>18CBF6E4174BA6AA00BB6010</string>
				<string>18CBF6E5174BA6AA00BB6010</string>
				<string>18CBF6E6174BA6AA00BB6010</string>
				<string>18CBF6E8174BA6AA00BB6010</string>
				<string>18CBF6E9174BA6AA00BB6010</string>
			</array>
			<key>isa</key>
			<string>PBXResourcesBuildPhase</string>
			<key>runOnlyForDeploymentPostprocessing</key>
			<string>0</string>
		</dict>
		<key>180ECFDA17237CCE006276DF</key>
		<dict>
			<key>buildConfigurationList</key>
			<string>180ED01017237CCF006276DF</string>
			<key>buildPhases</key>
			<array>
				<string>15888EB90E194B578220BCE9</string>
				<string>180ECFD717237CCE006276DF</string>
				<string>180ECFD817237CCE006276DF</string>
				<string>180ECFD917237CCE006276DF</string>
				<string>32037386F4F745A39FEAD7AA</string>
			</array>
			<key>buildRules</key>
			<array/>
			<key>dependencies</key>
			<array/>
			<key>isa</key>
			<string>PBXNativeTarget</string>
			<key>name</key>
			<string>Note + Lock</string>
			<key>productName</key>
			<string>MySecNote</string>
			<key>productReference</key>
			<string>180ECFDB17237CCF006276DF</string>
			<key>productType</key>
			<string>com.apple.product-type.application</string>
		</dict>
		<key>180ECFDB17237CCF006276DF</key>
		<dict>
			<key>explicitFileType</key>
			<string>wrapper.application</string>
			<key>includeInIndex</key>
			<string>0</string>
			<key>isa</key>
			<string>PBXFileReference</string>
			<key>path</key>
			<string>Note + Lock.app</string>
			<key>sourceTree</key>
			<string>BUILT_PRODUCTS_DIR</string>
		</dict>
		<key>180ECFDC17237CCF006276DF</key>
		<dict>
			<key>children</key>
			<array>
				<string>180ECFDB17237CCF006276DF</string>
			</array>
			<key>isa</key>
			<string>PBXGroup</string>
			<key>name</key>
			<string>Products</string>
			<key>sourceTree</key>
			<string>&lt;group&gt;</string>
		</dict>
		<key>180ECFDE17237CCF006276DF</key>
		<dict>
			<key>children</key>
			<array>
				<string>182F81DB174A51E0006E2E36</string>
				<string>18C54AB01748C722008BF33D</string>
				<string>18C54AAE1748C6A5008BF33D</string>
				<string>180ED0241723B64C006276DF</string>
				<string>180ECFDF17237CCF006276DF</string>
				<string>180ECFE117237CCF006276DF</string>
				<string>180ECFE317237CCF006276DF</string>
				<string>180ECFE517237CCF006276DF</string>
				<string>4724248045A24E3AA671C40E</string>
			</array>
			<key>isa</key>
			<string>PBXGroup</string>
			<key>name</key>
			<string>Frameworks</string>
			<key>sourceTree</key>
			<string>&lt;group&gt;</string>
		</dict>
		<key>180ECFDF17237CCF006276DF</key>
		<dict>
			<key>isa</key>
			<string>PBXFileReference</string>
			<key>lastKnownFileType</key>
			<string>wrapper.framework</string>
			<key>name</key>
			<string>UIKit.framework</string>
			<key>path</key>
			<string>System/Library/Frameworks/UIKit.framework</string>
			<key>sourceTree</key>
			<string>SDKROOT</string>
		</dict>
		<key>180ECFE017237CCF006276DF</key>
		<dict>
			<key>fileRef</key>
			<string>180ECFDF17237CCF006276DF</string>
			<key>isa</key>
			<string>PBXBuildFile</string>
		</dict>
		<key>180ECFE117237CCF006276DF</key>
		<dict>
			<key>isa</key>
			<string>PBXFileReference</string>
			<key>lastKnownFileType</key>
			<string>wrapper.framework</string>
			<key>name</key>
			<string>Foundation.framework</string>
			<key>path</key>
			<string>System/Library/Frameworks/Foundation.framework</string>
			<key>sourceTree</key>
			<string>SDKROOT</string>
		</dict>
		<key>180ECFE217237CCF006276DF</key>
		<dict>
			<key>fileRef</key>
			<string>180ECFE117237CCF006276DF</string>
			<key>isa</key>
			<string>PBXBuildFile</string>
		</dict>
		<key>180ECFE317237CCF006276DF</key>
		<dict>
			<key>isa</key>
			<string>PBXFileReference</string>
			<key>lastKnownFileType</key>
			<string>wrapper.framework</string>
			<key>name</key>
			<string>CoreGraphics.framework</string>
			<key>path</key>
			<string>System/Library/Frameworks/CoreGraphics.framework</string>
			<key>sourceTree</key>
			<string>SDKROOT</string>
		</dict>
		<key>180ECFE417237CCF006276DF</key>
		<dict>
			<key>fileRef</key>
			<string>180ECFE317237CCF006276DF</string>
			<key>isa</key>
			<string>PBXBuildFile</string>
		</dict>
		<key>180ECFE517237CCF006276DF</key>
		<dict>
			<key>isa</key>
			<string>PBXFileReference</string>
			<key>lastKnownFileType</key>
			<string>wrapper.framework</string>
			<key>name</key>
			<string>CoreData.framework</string>
			<key>path</key>
			<string>System/Library/Frameworks/CoreData.framework</string>
			<key>sourceTree</key>
			<string>SDKROOT</string>
		</dict>
		<key>180ECFE617237CCF006276DF</key>
		<dict>
			<key>fileRef</key>
			<string>180ECFE517237CCF006276DF</string>
			<key>isa</key>
			<string>PBXBuildFile</string>
		</dict>
		<key>180ECFE717237CCF006276DF</key>
		<dict>
			<key>children</key>
			<array>
				<string>18CBF6EA174BA75400BB6010</string>
				<string>18CBF6EB174BA75400BB6010</string>
				<string>183687B5173F6BE5001978AF</string>
				<string>180ECFF017237CCF006276DF</string>
				<string>180ECFF117237CCF006276DF</string>
				<string>180ECFFC17237CCF006276DF</string>
				<string>180ECFFD17237CCF006276DF</string>
				<string>180ECFFF17237CCF006276DF</string>
				<string>180ED00017237CCF006276DF</string>
				<string>180ED00517237CCF006276DF</string>
				<string>180ED00B17237CCF006276DF</string>
				<string>180ECFF917237CCF006276DF</string>
				<string>180ECFE817237CCF006276DF</string>
			</array>
			<key>isa</key>
			<string>PBXGroup</string>
			<key>path</key>
			<string>MySecNote</string>
			<key>sourceTree</key>
			<string>&lt;group&gt;</string>
		</dict>
		<key>180ECFE817237CCF006276DF</key>
		<dict>
			<key>children</key>
			<array>
				<string>180ACC8C17240C43003DC8BF</string>
				<string>180ACC8D17240C43003DC8BF</string>
				<string>180ACC8E17240C43003DC8BF</string>
				<string>180ACC8F17240C43003DC8BF</string>
				<string>180ACC9017240C43003DC8BF</string>
				<string>180ACC9117240C43003DC8BF</string>
				<string>180ACC9217240C43003DC8BF</string>
				<string>180ACC9317240C43003DC8BF</string>
				<string>180ECFE917237CCF006276DF</string>
				<string>180ECFEA17237CCF006276DF</string>
				<string>180ECFED17237CCF006276DF</string>
				<string>180ECFEF17237CCF006276DF</string>
			</array>
			<key>isa</key>
			<string>PBXGroup</string>
			<key>name</key>
			<string>Supporting Files</string>
			<key>sourceTree</key>
			<string>&lt;group&gt;</string>
		</dict>
		<key>180ECFE917237CCF006276DF</key>
		<dict>
			<key>isa</key>
			<string>PBXFileReference</string>
			<key>lastKnownFileType</key>
			<string>text.plist.xml</string>
			<key>path</key>
			<string>MySecNote-Info.plist</string>
			<key>sourceTree</key>
			<string>&lt;group&gt;</string>
		</dict>
		<key>180ECFEA17237CCF006276DF</key>
		<dict>
			<key>children</key>
			<array>
				<string>180ECFEB17237CCF006276DF</string>
			</array>
			<key>isa</key>
			<string>PBXVariantGroup</string>
			<key>name</key>
			<string>InfoPlist.strings</string>
			<key>sourceTree</key>
			<string>&lt;group&gt;</string>
		</dict>
		<key>180ECFEB17237CCF006276DF</key>
		<dict>
			<key>isa</key>
			<string>PBXFileReference</string>
			<key>lastKnownFileType</key>
			<string>text.plist.strings</string>
			<key>name</key>
			<string>en</string>
			<key>path</key>
			<string>en.lproj/InfoPlist.strings</string>
			<key>sourceTree</key>
			<string>&lt;group&gt;</string>
		</dict>
		<key>180ECFEC17237CCF006276DF</key>
		<dict>
			<key>fileRef</key>
			<string>180ECFEA17237CCF006276DF</string>
			<key>isa</key>
			<string>PBXBuildFile</string>
		</dict>
		<key>180ECFED17237CCF006276DF</key>
		<dict>
			<key>isa</key>
			<string>PBXFileReference</string>
			<key>lastKnownFileType</key>
			<string>sourcecode.c.objc</string>
			<key>path</key>
			<string>main.m</string>
			<key>sourceTree</key>
			<string>&lt;group&gt;</string>
		</dict>
		<key>180ECFEE17237CCF006276DF</key>
		<dict>
			<key>fileRef</key>
			<string>180ECFED17237CCF006276DF</string>
			<key>isa</key>
			<string>PBXBuildFile</string>
		</dict>
		<key>180ECFEF17237CCF006276DF</key>
		<dict>
			<key>isa</key>
			<string>PBXFileReference</string>
			<key>lastKnownFileType</key>
			<string>sourcecode.c.h</string>
			<key>path</key>
			<string>MySecNote-Prefix.pch</string>
			<key>sourceTree</key>
			<string>&lt;group&gt;</string>
		</dict>
		<key>180ECFF017237CCF006276DF</key>
		<dict>
			<key>isa</key>
			<string>PBXFileReference</string>
			<key>lastKnownFileType</key>
			<string>sourcecode.c.h</string>
			<key>path</key>
			<string>AppDelegate.h</string>
			<key>sourceTree</key>
			<string>&lt;group&gt;</string>
		</dict>
		<key>180ECFF117237CCF006276DF</key>
		<dict>
			<key>isa</key>
			<string>PBXFileReference</string>
			<key>lastKnownFileType</key>
			<string>sourcecode.c.objc</string>
			<key>path</key>
			<string>AppDelegate.m</string>
			<key>sourceTree</key>
			<string>&lt;group&gt;</string>
		</dict>
		<key>180ECFF217237CCF006276DF</key>
		<dict>
			<key>fileRef</key>
			<string>180ECFF117237CCF006276DF</string>
			<key>isa</key>
			<string>PBXBuildFile</string>
		</dict>
		<key>180ECFF917237CCF006276DF</key>
		<dict>
			<key>children</key>
			<array>
				<string>180ECFFA17237CCF006276DF</string>
			</array>
			<key>currentVersion</key>
			<string>180ECFFA17237CCF006276DF</string>
			<key>isa</key>
			<string>XCVersionGroup</string>
			<key>path</key>
			<string>MySecNote.xcdatamodeld</string>
			<key>sourceTree</key>
			<string>&lt;group&gt;</string>
			<key>versionGroupType</key>
			<string>wrapper.xcdatamodel</string>
		</dict>
		<key>180ECFFA17237CCF006276DF</key>
		<dict>
			<key>isa</key>
			<string>PBXFileReference</string>
			<key>lastKnownFileType</key>
			<string>wrapper.xcdatamodel</string>
			<key>path</key>
			<string>MySecNote.xcdatamodel</string>
			<key>sourceTree</key>
			<string>&lt;group&gt;</string>
		</dict>
		<key>180ECFFB17237CCF006276DF</key>
		<dict>
			<key>fileRef</key>
			<string>180ECFF917237CCF006276DF</string>
			<key>isa</key>
			<string>PBXBuildFile</string>
		</dict>
		<key>180ECFFC17237CCF006276DF</key>
		<dict>
			<key>isa</key>
			<string>PBXFileReference</string>
			<key>lastKnownFileType</key>
			<string>sourcecode.c.h</string>
			<key>path</key>
			<string>MasterViewController.h</string>
			<key>sourceTree</key>
			<string>&lt;group&gt;</string>
		</dict>
		<key>180ECFFD17237CCF006276DF</key>
		<dict>
			<key>isa</key>
			<string>PBXFileReference</string>
			<key>lastKnownFileType</key>
			<string>sourcecode.c.objc</string>
			<key>path</key>
			<string>MasterViewController.m</string>
			<key>sourceTree</key>
			<string>&lt;group&gt;</string>
		</dict>
		<key>180ECFFE17237CCF006276DF</key>
		<dict>
			<key>fileRef</key>
			<string>180ECFFD17237CCF006276DF</string>
			<key>isa</key>
			<string>PBXBuildFile</string>
		</dict>
		<key>180ECFFF17237CCF006276DF</key>
		<dict>
			<key>isa</key>
			<string>PBXFileReference</string>
			<key>lastKnownFileType</key>
			<string>sourcecode.c.h</string>
			<key>path</key>
			<string>DetailViewController.h</string>
			<key>sourceTree</key>
			<string>&lt;group&gt;</string>
		</dict>
		<key>180ED00017237CCF006276DF</key>
		<dict>
			<key>isa</key>
			<string>PBXFileReference</string>
			<key>lastKnownFileType</key>
			<string>sourcecode.c.objc</string>
			<key>path</key>
			<string>DetailViewController.m</string>
			<key>sourceTree</key>
			<string>&lt;group&gt;</string>
		</dict>
		<key>180ED00117237CCF006276DF</key>
		<dict>
			<key>fileRef</key>
			<string>180ED00017237CCF006276DF</string>
			<key>isa</key>
			<string>PBXBuildFile</string>
		</dict>
		<key>180ED00217237CCF006276DF</key>
		<dict>
			<key>children</key>
			<array>
				<string>180ED00317237CCF006276DF</string>
			</array>
			<key>isa</key>
			<string>PBXVariantGroup</string>
			<key>name</key>
			<string>MasterViewController_iPhone.xib</string>
			<key>path</key>
			<string>MySecNote</string>
			<key>sourceTree</key>
			<string>&lt;group&gt;</string>
		</dict>
		<key>180ED00317237CCF006276DF</key>
		<dict>
			<key>isa</key>
			<string>PBXFileReference</string>
			<key>lastKnownFileType</key>
			<string>file.xib</string>
			<key>name</key>
			<string>en</string>
			<key>path</key>
			<string>en.lproj/MasterViewController_iPhone.xib</string>
			<key>sourceTree</key>
			<string>&lt;group&gt;</string>
		</dict>
		<key>180ED00417237CCF006276DF</key>
		<dict>
			<key>fileRef</key>
			<string>180ED00217237CCF006276DF</string>
			<key>isa</key>
			<string>PBXBuildFile</string>
		</dict>
		<key>180ED00517237CCF006276DF</key>
		<dict>
			<key>children</key>
			<array>
				<string>180ED00617237CCF006276DF</string>
			</array>
			<key>isa</key>
			<string>PBXVariantGroup</string>
			<key>name</key>
			<string>MasterViewController_iPad.xib</string>
			<key>sourceTree</key>
			<string>&lt;group&gt;</string>
		</dict>
		<key>180ED00617237CCF006276DF</key>
		<dict>
			<key>isa</key>
			<string>PBXFileReference</string>
			<key>lastKnownFileType</key>
			<string>file.xib</string>
			<key>name</key>
			<string>en</string>
			<key>path</key>
			<string>en.lproj/MasterViewController_iPad.xib</string>
			<key>sourceTree</key>
			<string>&lt;group&gt;</string>
		</dict>
		<key>180ED00717237CCF006276DF</key>
		<dict>
			<key>fileRef</key>
			<string>180ED00517237CCF006276DF</string>
			<key>isa</key>
			<string>PBXBuildFile</string>
		</dict>
		<key>180ED00B17237CCF006276DF</key>
		<dict>
			<key>children</key>
			<array>
				<string>180ED00C17237CCF006276DF</string>
			</array>
			<key>isa</key>
			<string>PBXVariantGroup</string>
			<key>name</key>
			<string>DetailViewController_iPad.xib</string>
			<key>sourceTree</key>
			<string>&lt;group&gt;</string>
		</dict>
		<key>180ED00C17237CCF006276DF</key>
		<dict>
			<key>isa</key>
			<string>PBXFileReference</string>
			<key>lastKnownFileType</key>
			<string>file.xib</string>
			<key>name</key>
			<string>en</string>
			<key>path</key>
			<string>en.lproj/DetailViewController_iPad.xib</string>
			<key>sourceTree</key>
			<string>&lt;group&gt;</string>
		</dict>
		<key>180ED00D17237CCF006276DF</key>
		<dict>
			<key>fileRef</key>
			<string>180ED00B17237CCF006276DF</string>
			<key>isa</key>
			<string>PBXBuildFile</string>
		</dict>
		<key>180ED00E17237CCF006276DF</key>
		<dict>
			<key>buildSettings</key>
			<dict>
				<key>ALWAYS_SEARCH_USER_PATHS</key>
				<string>NO</string>
				<key>CLANG_CXX_LANGUAGE_STANDARD</key>
				<string>gnu++0x</string>
				<key>CLANG_CXX_LIBRARY</key>
				<string>libc++</string>
				<key>CLANG_ENABLE_OBJC_ARC</key>
				<string>YES</string>
				<key>CLANG_WARN_EMPTY_BODY</key>
				<string>YES</string>
				<key>CLANG_WARN__DUPLICATE_METHOD_MATCH</key>
				<string>YES</string>
				<key>CODE_SIGN_IDENTITY[sdk=iphoneos*]</key>
				<string>iPhone Developer</string>
				<key>COPY_PHASE_STRIP</key>
				<string>NO</string>
				<key>GCC_C_LANGUAGE_STANDARD</key>
				<string>gnu99</string>
				<key>GCC_DYNAMIC_NO_PIC</key>
				<string>NO</string>
				<key>GCC_OPTIMIZATION_LEVEL</key>
				<string>0</string>
				<key>GCC_PREPROCESSOR_DEFINITIONS</key>
				<array>
					<string>DEBUG=1</string>
					<string>$(inherited)</string>
				</array>
				<key>GCC_SYMBOLS_PRIVATE_EXTERN</key>
				<string>NO</string>
				<key>GCC_WARN_ABOUT_RETURN_TYPE</key>
				<string>YES</string>
				<key>GCC_WARN_UNINITIALIZED_AUTOS</key>
				<string>YES</string>
				<key>GCC_WARN_UNUSED_VARIABLE</key>
				<string>YES</string>
				<key>IPHONEOS_DEPLOYMENT_TARGET</key>
				<string>6.0</string>
				<key>ONLY_ACTIVE_ARCH</key>
				<string>YES</string>
				<key>SDKROOT</key>
				<string>iphoneos</string>
				<key>TARGETED_DEVICE_FAMILY</key>
				<string>1,2</string>
			</dict>
			<key>isa</key>
			<string>XCBuildConfiguration</string>
			<key>name</key>
			<string>Debug</string>
		</dict>
		<key>180ED00F17237CCF006276DF</key>
		<dict>
			<key>buildSettings</key>
			<dict>
				<key>ALWAYS_SEARCH_USER_PATHS</key>
				<string>NO</string>
				<key>CLANG_CXX_LANGUAGE_STANDARD</key>
				<string>gnu++0x</string>
				<key>CLANG_CXX_LIBRARY</key>
				<string>libc++</string>
				<key>CLANG_ENABLE_OBJC_ARC</key>
				<string>YES</string>
				<key>CLANG_WARN_EMPTY_BODY</key>
				<string>YES</string>
				<key>CLANG_WARN__DUPLICATE_METHOD_MATCH</key>
				<string>YES</string>
				<key>CODE_SIGN_IDENTITY[sdk=iphoneos*]</key>
				<string>iPhone Developer</string>
				<key>COPY_PHASE_STRIP</key>
				<string>YES</string>
				<key>GCC_C_LANGUAGE_STANDARD</key>
				<string>gnu99</string>
				<key>GCC_WARN_ABOUT_RETURN_TYPE</key>
				<string>YES</string>
				<key>GCC_WARN_UNINITIALIZED_AUTOS</key>
				<string>YES</string>
				<key>GCC_WARN_UNUSED_VARIABLE</key>
				<string>YES</string>
				<key>IPHONEOS_DEPLOYMENT_TARGET</key>
				<string>6.0</string>
				<key>OTHER_CFLAGS</key>
				<string>-DNS_BLOCK_ASSERTIONS=1</string>
				<key>SDKROOT</key>
				<string>iphoneos</string>
				<key>TARGETED_DEVICE_FAMILY</key>
				<string>1,2</string>
				<key>VALIDATE_PRODUCT</key>
				<string>YES</string>
			</dict>
			<key>isa</key>
			<string>XCBuildConfiguration</string>
			<key>name</key>
			<string>Release</string>
		</dict>
		<key>180ED01017237CCF006276DF</key>
		<dict>
			<key>buildConfigurations</key>
			<array>
				<string>180ED01117237CCF006276DF</string>
				<string>180ED01217237CCF006276DF</string>
				<string>180ACCA217242027003DC8BF</string>
			</array>
			<key>defaultConfigurationIsVisible</key>
			<string>0</string>
			<key>defaultConfigurationName</key>
			<string>Release</string>
			<key>isa</key>
			<string>XCConfigurationList</string>
		</dict>
		<key>180ED01117237CCF006276DF</key>
		<dict>
			<key>baseConfigurationReference</key>
			<string>D49AD580CECD445DBE4CEABE</string>
			<key>buildSettings</key>
			<dict>
				<key>CODE_SIGN_IDENTITY</key>
				<string>iPhone Developer: Shi Lin (NER6K732V4)</string>
				<key>CODE_SIGN_IDENTITY[sdk=iphoneos*]</key>
				<string>iPhone Developer: Shi Lin (NER6K732V4)</string>
				<key>GCC_PRECOMPILE_PREFIX_HEADER</key>
				<string>YES</string>
				<key>GCC_PREFIX_HEADER</key>
				<string>MySecNote/MySecNote-Prefix.pch</string>
				<key>INFOPLIST_FILE</key>
				<string>MySecNote/MySecNote-Info.plist</string>
				<key>IPHONEOS_DEPLOYMENT_TARGET</key>
				<string>5.1</string>
				<key>LIBRARY_SEARCH_PATHS</key>
				<array>
					<string>$(inherited)</string>
					<string>"$(SRCROOT)"</string>
					<string>"$(SRCROOT)/Common"</string>
				</array>
				<key>PRODUCT_NAME</key>
				<string>$(TARGET_NAME)</string>
				<key>PROVISIONING_PROFILE</key>
				<string>955EB0B3-AC3B-4C10-A36B-E216CDDE1A9D</string>
				<key>PROVISIONING_PROFILE[sdk=iphoneos*]</key>
				<string>955EB0B3-AC3B-4C10-A36B-E216CDDE1A9D</string>
				<key>TARGETED_DEVICE_FAMILY</key>
				<string>1</string>
				<key>WRAPPER_EXTENSION</key>
				<string>app</string>
			</dict>
			<key>isa</key>
			<string>XCBuildConfiguration</string>
			<key>name</key>
			<string>Debug</string>
		</dict>
		<key>180ED01217237CCF006276DF</key>
		<dict>
			<key>baseConfigurationReference</key>
			<string>D49AD580CECD445DBE4CEABE</string>
			<key>buildSettings</key>
			<dict>
				<key>CODE_SIGN_IDENTITY</key>
				<string>iPhone Distribution: Shi Lin</string>
				<key>CODE_SIGN_IDENTITY[sdk=iphoneos*]</key>
				<string>iPhone Distribution</string>
				<key>GCC_PRECOMPILE_PREFIX_HEADER</key>
				<string>YES</string>
				<key>GCC_PREFIX_HEADER</key>
				<string>MySecNote/MySecNote-Prefix.pch</string>
				<key>INFOPLIST_FILE</key>
				<string>MySecNote/MySecNote-Info.plist</string>
				<key>IPHONEOS_DEPLOYMENT_TARGET</key>
				<string>5.1</string>
				<key>LIBRARY_SEARCH_PATHS</key>
				<array>
					<string>$(inherited)</string>
					<string>"$(SRCROOT)"</string>
					<string>"$(SRCROOT)/Common"</string>
				</array>
				<key>PRODUCT_NAME</key>
				<string>$(TARGET_NAME)</string>
				<key>PROVISIONING_PROFILE</key>
				<string>271191B0-05CA-4E65-838F-032FAE3EBD7E</string>
				<key>PROVISIONING_PROFILE[sdk=iphoneos*]</key>
				<string></string>
				<key>TARGETED_DEVICE_FAMILY</key>
				<string>1</string>
				<key>WRAPPER_EXTENSION</key>
				<string>app</string>
			</dict>
			<key>isa</key>
			<string>XCBuildConfiguration</string>
			<key>name</key>
			<string>Release</string>
		</dict>
		<key>180ED02117237DFC006276DF</key>
		<dict>
			<key>fileEncoding</key>
			<string>4</string>
			<key>isa</key>
			<string>PBXFileReference</string>
			<key>lastKnownFileType</key>
			<string>sourcecode.c.h</string>
			<key>path</key>
			<string>AppSetting.h</string>
			<key>sourceTree</key>
			<string>&lt;group&gt;</string>
		</dict>
		<key>180ED02217237DFD006276DF</key>
		<dict>
			<key>fileEncoding</key>
			<string>4</string>
			<key>isa</key>
			<string>PBXFileReference</string>
			<key>lastKnownFileType</key>
			<string>sourcecode.c.objc</string>
			<key>path</key>
			<string>AppSetting.m</string>
			<key>sourceTree</key>
			<string>&lt;group&gt;</string>
		</dict>
		<key>180ED02317237DFD006276DF</key>
		<dict>
			<key>fileRef</key>
			<string>180ED02217237DFD006276DF</string>
			<key>isa</key>
			<string>PBXBuildFile</string>
		</dict>
		<key>180ED0241723B64C006276DF</key>
		<dict>
			<key>isa</key>
			<string>PBXFileReference</string>
			<key>lastKnownFileType</key>
			<string>wrapper.framework</string>
			<key>name</key>
			<string>AudioToolbox.framework</string>
			<key>path</key>
			<string>System/Library/Frameworks/AudioToolbox.framework</string>
			<key>sourceTree</key>
			<string>SDKROOT</string>
		</dict>
		<key>180ED0251723B64C006276DF</key>
		<dict>
			<key>fileRef</key>
			<string>180ED0241723B64C006276DF</string>
			<key>isa</key>
			<string>PBXBuildFile</string>
		</dict>
		<key>182F81DB174A51E0006E2E36</key>
		<dict>
			<key>isa</key>
			<string>PBXFileReference</string>
			<key>lastKnownFileType</key>
			<string>wrapper.framework</string>
			<key>name</key>
			<string>QuartzCore.framework</string>
			<key>path</key>
			<string>System/Library/Frameworks/QuartzCore.framework</string>
			<key>sourceTree</key>
			<string>SDKROOT</string>
		</dict>
		<key>182F81DC174A51E0006E2E36</key>
		<dict>
			<key>fileRef</key>
			<string>182F81DB174A51E0006E2E36</string>
			<key>isa</key>
			<string>PBXBuildFile</string>
		</dict>
		<key>182F81E4174A707E006E2E36</key>
		<dict>
			<key>isa</key>
			<string>PBXFileReference</string>
			<key>lastKnownFileType</key>
			<string>image.png</string>
			<key>path</key>
			<string>Default@2x.png</string>
			<key>sourceTree</key>
			<string>&lt;group&gt;</string>
		</dict>
		<key>182F81E5174A707E006E2E36</key>
		<dict>
			<key>fileRef</key>
			<string>182F81E4174A707E006E2E36</string>
			<key>isa</key>
			<string>PBXBuildFile</string>
		</dict>
		<key>182F81E6174A7142006E2E36</key>
		<dict>
			<key>isa</key>
			<string>PBXFileReference</string>
			<key>lastKnownFileType</key>
			<string>image.png</string>
			<key>path</key>
			<string>Default.png</string>
			<key>sourceTree</key>
			<string>&lt;group&gt;</string>
		</dict>
		<key>182F81E7174A7142006E2E36</key>
		<dict>
			<key>isa</key>
			<string>PBXFileReference</string>
			<key>lastKnownFileType</key>
			<string>image.png</string>
			<key>path</key>
			<string>Default-568h@2x.png</string>
			<key>sourceTree</key>
			<string>&lt;group&gt;</string>
		</dict>
		<key>182F81E8174A7142006E2E36</key>
		<dict>
			<key>fileRef</key>
			<string>182F81E6174A7142006E2E36</string>
			<key>isa</key>
			<string>PBXBuildFile</string>
		</dict>
		<key>182F81E9174A7142006E2E36</key>
		<dict>
			<key>fileRef</key>
			<string>182F81E7174A7142006E2E36</string>
			<key>isa</key>
			<string>PBXBuildFile</string>
		</dict>
		<key>183687B5173F6BE5001978AF</key>
		<dict>
			<key>children</key>
			<array>
				<string>18441FA217488670004B6EC0</string>
				<string>180ED00217237CCF006276DF</string>
			</array>
			<key>isa</key>
			<string>PBXGroup</string>
			<key>name</key>
			<string>xib</string>
			<key>path</key>
			<string>..</string>
			<key>sourceTree</key>
			<string>&lt;group&gt;</string>
		</dict>
		<key>18441FA217488670004B6EC0</key>
		<dict>
			<key>children</key>
			<array>
				<string>18441FA317488670004B6EC0</string>
			</array>
			<key>isa</key>
			<string>PBXVariantGroup</string>
			<key>name</key>
			<string>MasterViewController_iPhone568.xib</string>
			<key>path</key>
			<string>MySecNote</string>
			<key>sourceTree</key>
			<string>&lt;group&gt;</string>
		</dict>
		<key>18441FA317488670004B6EC0</key>
		<dict>
			<key>isa</key>
			<string>PBXFileReference</string>
			<key>lastKnownFileType</key>
			<string>file.xib</string>
			<key>name</key>
			<string>en</string>
			<key>path</key>
			<string>en.lproj/MasterViewController_iPhone568.xib</string>
			<key>sourceTree</key>
			<string>&lt;group&gt;</string>
		</dict>
		<key>18441FA417488670004B6EC0</key>
		<dict>
			<key>fileRef</key>
			<string>18441FA217488670004B6EC0</string>
			<key>isa</key>
			<string>PBXBuildFile</string>
		</dict>
		<key>18C54AAE1748C6A5008BF33D</key>
		<dict>
			<key>isa</key>
			<string>PBXFileReference</string>
			<key>lastKnownFileType</key>
			<string>wrapper.framework</string>
			<key>name</key>
			<string>CFNetwork.framework</string>
			<key>path</key>
			<string>System/Library/Frameworks/CFNetwork.framework</string>
			<key>sourceTree</key>
			<string>SDKROOT</string>
		</dict>
		<key>18C54AAF1748C6A5008BF33D</key>
		<dict>
			<key>fileRef</key>
			<string>18C54AAE1748C6A5008BF33D</string>
			<key>isa</key>
			<string>PBXBuildFile</string>
		</dict>
		<key>18C54AB01748C722008BF33D</key>
		<dict>
			<key>isa</key>
			<string>PBXFileReference</string>
			<key>lastKnownFileType</key>
			<string>wrapper.framework</string>
			<key>name</key>
			<string>SystemConfiguration.framework</string>
			<key>path</key>
			<string>System/Library/Frameworks/SystemConfiguration.framework</string>
			<key>sourceTree</key>
			<string>SDKROOT</string>
		</dict>
		<key>18C54AB11748C722008BF33D</key>
		<dict>
			<key>fileRef</key>
			<string>18C54AB01748C722008BF33D</string>
			<key>isa</key>
			<string>PBXBuildFile</string>
		</dict>
		<key>18CBF6D2174BA69800BB6010</key>
		<dict>
			<key>children</key>
			<array>
				<string>18CBF6D3174BA69800BB6010</string>
				<string>18CBF6D4174BA69800BB6010</string>
				<string>18CBF6D5174BA69800BB6010</string>
				<string>18CBF6D6174BA69800BB6010</string>
			</array>
			<key>isa</key>
			<string>PBXGroup</string>
			<key>path</key>
			<string>Common</string>
			<key>sourceTree</key>
			<string>&lt;group&gt;</string>
		</dict>
		<key>18CBF6D3174BA69800BB6010</key>
		<dict>
			<key>fileEncoding</key>
			<string>4</string>
			<key>isa</key>
			<string>PBXFileReference</string>
			<key>lastKnownFileType</key>
			<string>sourcecode.c.h</string>
			<key>path</key>
			<string>Flurry.h</string>
			<key>sourceTree</key>
			<string>&lt;group&gt;</string>
		</dict>
		<key>18CBF6D4174BA69800BB6010</key>
		<dict>
			<key>isa</key>
			<string>PBXFileReference</string>
			<key>lastKnownFileType</key>
			<string>archive.ar</string>
			<key>path</key>
			<string>libFlurry.a</string>
			<key>sourceTree</key>
			<string>&lt;group&gt;</string>
		</dict>
		<key>18CBF6D5174BA69800BB6010</key>
		<dict>
			<key>fileEncoding</key>
			<string>4</string>
			<key>isa</key>
			<string>PBXFileReference</string>
			<key>lastKnownFileType</key>
			<string>sourcecode.c.h</string>
			<key>path</key>
			<string>UIColor+Colours.h</string>
			<key>sourceTree</key>
			<string>&lt;group&gt;</string>
		</dict>
		<key>18CBF6D6174BA69800BB6010</key>
		<dict>
			<key>fileEncoding</key>
			<string>4</string>
			<key>isa</key>
			<string>PBXFileReference</string>
			<key>lastKnownFileType</key>
			<string>sourcecode.c.objc</string>
			<key>path</key>
			<string>UIColor+Colours.m</string>
			<key>sourceTree</key>
			<string>&lt;group&gt;</string>
		</dict>
		<key>18CBF6D7174BA69800BB6010</key>
		<dict>
			<key>fileRef</key>
			<string>18CBF6D4174BA69800BB6010</string>
			<key>isa</key>
			<string>PBXBuildFile</string>
		</dict>
		<key>18CBF6D8174BA69800BB6010</key>
		<dict>
			<key>fileRef</key>
			<string>18CBF6D6174BA69800BB6010</string>
			<key>isa</key>
			<string>PBXBuildFile</string>
		</dict>
		<key>18CBF6D9174BA6AA00BB6010</key>
		<dict>
			<key>children</key>
			<array>
				<string>18CBF6DA174BA6AA00BB6010</string>
				<string>18CBF6DB174BA6AA00BB6010</string>
				<string>18CBF6DC174BA6AA00BB6010</string>
				<string>18CBF6DD174BA6AA00BB6010</string>
				<string>18CBF6DE174BA6AA00BB6010</string>
				<string>18CBF6DF174BA6AA00BB6010</string>
				<string>18CBF6E0174BA6AA00BB6010</string>
				<string>18CBF6E1174BA6AA00BB6010</string>
				<string>18CBF6E2174BA6AA00BB6010</string>
			</array>
			<key>isa</key>
			<string>PBXGroup</string>
			<key>path</key>
			<string>pinview</string>
			<key>sourceTree</key>
			<string>&lt;group&gt;</string>
		</dict>
		<key>18CBF6DA174BA6AA00BB6010</key>
		<dict>
			<key>fileEncoding</key>
			<string>4</string>
			<key>isa</key>
			<string>PBXFileReference</string>
			<key>lastKnownFileType</key>
			<string>sourcecode.c.h</string>
			<key>path</key>
			<string>GCPINViewController.h</string>
			<key>sourceTree</key>
			<string>&lt;group&gt;</string>
		</dict>
		<key>18CBF6DB174BA6AA00BB6010</key>
		<dict>
			<key>fileEncoding</key>
			<string>4</string>
			<key>isa</key>
			<string>PBXFileReference</string>
			<key>lastKnownFileType</key>
			<string>sourcecode.c.objc</string>
			<key>path</key>
			<string>GCPINViewController.m</string>
			<key>sourceTree</key>
			<string>&lt;group&gt;</string>
		</dict>
		<key>18CBF6DC174BA6AA00BB6010</key>
		<dict>
			<key>fileEncoding</key>
			<string>4</string>
			<key>isa</key>
			<string>PBXFileReference</string>
			<key>lastKnownFileType</key>
			<string>file.xib</string>
			<key>path</key>
			<string>GCPINViewController.xib</string>
			<key>sourceTree</key>
			<string>&lt;group&gt;</string>
		</dict>
		<key>18CBF6DD174BA6AA00BB6010</key>
		<dict>
			<key>fileEncoding</key>
			<string>4</string>
			<key>isa</key>
			<string>PBXFileReference</string>
			<key>lastKnownFileType</key>
			<string>file.xib</string>
			<key>path</key>
			<string>GCPINViewController~ipad.xib</string>
			<key>sourceTree</key>
			<string>&lt;group&gt;</string>
		</dict>
		<key>18CBF6DE174BA6AA00BB6010</key>
		<dict>
			<key>fileEncoding</key>
			<string>4</string>
			<key>isa</key>
			<string>PBXFileReference</string>
			<key>lastKnownFileType</key>
			<string>file.xib</string>
			<key>path</key>
			<string>GCPINViewController~iphone568.xib</string>
			<key>sourceTree</key>
			<string>&lt;group&gt;</string>
		</dict>
		<key>18CBF6DF174BA6AA00BB6010</key>
		<dict>
			<key>fileEncoding</key>
			<string>4</string>
			<key>isa</key>
			<string>PBXFileReference</string>
			<key>lastKnownFileType</key>
			<string>sourcecode.c.h</string>
			<key>path</key>
			<string>GradientView.h</string>
			<key>sourceTree</key>
			<string>&lt;group&gt;</string>
		</dict>
		<key>18CBF6E0174BA6AA00BB6010</key>
		<dict>
			<key>fileEncoding</key>
			<string>4</string>
			<key>isa</key>
			<string>PBXFileReference</string>
			<key>lastKnownFileType</key>
			<string>sourcecode.c.objc</string>
			<key>path</key>
			<string>GradientView.m</string>
			<key>sourceTree</key>
			<string>&lt;group&gt;</string>
		</dict>
		<key>18CBF6E1174BA6AA00BB6010</key>
		<dict>
			<key>isa</key>
			<string>PBXFileReference</string>
			<key>lastKnownFileType</key>
			<string>image.png</string>
			<key>path</key>
			<string>PINBox.png</string>
			<key>sourceTree</key>
			<string>&lt;group&gt;</string>
		</dict>
		<key>18CBF6E2174BA6AA00BB6010</key>
		<dict>
			<key>isa</key>
			<string>PBXFileReference</string>
			<key>lastKnownFileType</key>
			<string>image.png</string>
			<key>path</key>
			<string>PINBox@2x.png</string>
			<key>sourceTree</key>
			<string>&lt;group&gt;</string>
		</dict>
		<key>18CBF6E3174BA6AA00BB6010</key>
		<dict>
			<key>fileRef</key>
			<string>18CBF6DB174BA6AA00BB6010</string>
			<key>isa</key>
			<string>PBXBuildFile</string>
			<key>settings</key>
			<dict>
				<key>COMPILER_FLAGS</key>
				<string>-fno-objc-arc</string>
			</dict>
		</dict>
		<key>18CBF6E4174BA6AA00BB6010</key>
		<dict>
			<key>fileRef</key>
			<string>18CBF6DC174BA6AA00BB6010</string>
			<key>isa</key>
			<string>PBXBuildFile</string>
		</dict>
		<key>18CBF6E5174BA6AA00BB6010</key>
		<dict>
			<key>fileRef</key>
			<string>18CBF6DD174BA6AA00BB6010</string>
			<key>isa</key>
			<string>PBXBuildFile</string>
		</dict>
		<key>18CBF6E6174BA6AA00BB6010</key>
		<dict>
			<key>fileRef</key>
			<string>18CBF6DE174BA6AA00BB6010</string>
			<key>isa</key>
			<string>PBXBuildFile</string>
		</dict>
		<key>18CBF6E7174BA6AA00BB6010</key>
		<dict>
			<key>fileRef</key>
			<string>18CBF6E0174BA6AA00BB6010</string>
			<key>isa</key>
			<string>PBXBuildFile</string>
		</dict>
		<key>18CBF6E8174BA6AA00BB6010</key>
		<dict>
			<key>fileRef</key>
			<string>18CBF6E1174BA6AA00BB6010</string>
			<key>isa</key>
			<string>PBXBuildFile</string>
		</dict>
		<key>18CBF6E9174BA6AA00BB6010</key>
		<dict>
			<key>fileRef</key>
			<string>18CBF6E2174BA6AA00BB6010</string>
			<key>isa</key>
			<string>PBXBuildFile</string>
		</dict>
		<key>18CBF6EA174BA75400BB6010</key>
		<dict>
			<key>fileEncoding</key>
			<string>4</string>
			<key>isa</key>
			<string>PBXFileReference</string>
			<key>lastKnownFileType</key>
			<string>sourcecode.c.h</string>
			<key>path</key>
			<string>NoteView.h</string>
			<key>sourceTree</key>
			<string>&lt;group&gt;</string>
		</dict>
		<key>18CBF6EB174BA75400BB6010</key>
		<dict>
			<key>fileEncoding</key>
			<string>4</string>
			<key>isa</key>
			<string>PBXFileReference</string>
			<key>lastKnownFileType</key>
			<string>sourcecode.c.objc</string>
			<key>path</key>
			<string>NoteView.m</string>
			<key>sourceTree</key>
			<string>&lt;group&gt;</string>
		</dict>
		<key>18CBF6EC174BA75400BB6010</key>
		<dict>
			<key>fileRef</key>
			<string>18CBF6EB174BA75400BB6010</string>
			<key>isa</key>
			<string>PBXBuildFile</string>
		</dict>
		<key>32037386F4F745A39FEAD7AA</key>
		<dict>
			<key>buildActionMask</key>
			<string>2147483647</string>
			<key>files</key>
			<array/>
			<key>inputPaths</key>
			<array/>
			<key>isa</key>
			<string>PBXShellScriptBuildPhase</string>
			<key>name</key>
			<string>Copy Pods Resources</string>
			<key>outputPaths</key>
			<array/>
			<key>runOnlyForDeploymentPostprocessing</key>
			<string>0</string>
			<key>shellPath</key>
			<string>/bin/sh</string>
			<key>shellScript</key>
			<string>"${SRCROOT}/Pods/Pods-resources.sh"
</string>
			<key>showEnvVarsInLog</key>
			<string>1</string>
		</dict>
		<key>43DF02D639EC49A58769CA8B</key>
		<dict>
			<key>fileRef</key>
			<string>4724248045A24E3AA671C40E</string>
			<key>isa</key>
			<string>PBXBuildFile</string>
			<key>settings</key>
			<dict/>
		</dict>
		<key>4724248045A24E3AA671C40E</key>
		<dict>
			<key>explicitFileType</key>
			<string>archive.ar</string>
			<key>includeInIndex</key>
			<string>0</string>
			<key>isa</key>
			<string>PBXFileReference</string>
			<key>name</key>
			<string>libPods.a</string>
			<key>path</key>
			<string>libPods.a</string>
			<key>sourceTree</key>
			<string>BUILT_PRODUCTS_DIR</string>
		</dict>
		<key>D49AD580CECD445DBE4CEABE</key>
		<dict>
			<key>includeInIndex</key>
			<string>1</string>
			<key>isa</key>
			<string>PBXFileReference</string>
			<key>lastKnownFileType</key>
			<string>text.xcconfig</string>
			<key>name</key>
			<string>Pods.xcconfig</string>
			<key>path</key>
			<string>Pods/Pods.xcconfig</string>
			<key>sourceTree</key>
			<string>SOURCE_ROOT</string>
		</dict>
	</dict>
	<key>rootObject</key>
	<string>180ECFD217237CCE006276DF</string>
</dict>
</plist>
